<?xml version="1.0" encoding="utf-8"?>
<Project ToolsVersion="4.0" xmlns="http://schemas.microsoft.com/developer/msbuild/2003">
  <ItemGroup>
    <Filter Include="Source Files">
      <UniqueIdentifier>{4FC737F1-C7A5-4376-A066-2A32D752A2FF}</UniqueIdentifier>
      <Extensions>cpp;c;cc;cxx;def;odl;idl;hpj;bat;asm;asmx</Extensions>
    </Filter>
    <Filter Include="Header Files">
      <UniqueIdentifier>{93995380-89BD-4b04-88EB-625FBE52EBFB}</UniqueIdentifier>
      <Extensions>h;hh;hpp;hxx;hm;inl;inc;xsd</Extensions>
    </Filter>
    <Filter Include="Resource Files">
      <UniqueIdentifier>{67DA6AB6-F800-4c08-8B7A-83BB121AAD01}</UniqueIdentifier>
      <Extensions>rc;ico;cur;bmp;dlg;rc2;rct;bin;rgs;gif;jpg;jpeg;jpe;resx;tiff;tif;png;wav;mfcribbon-ms</Extensions>
    </Filter>
  </ItemGroup>
  <ItemGroup>
    <ClCompile Include="src\audio\vsx_audio_mixer_manager.cpp">
      <Filter>Source Files</Filter>
    </ClCompile>
    <ClCompile Include="src\filesystem\archive\vsx\vsx_filesystem_archive_vsx_reader.cpp">
      <Filter>Source Files</Filter>
    </ClCompile>
    <ClCompile Include="src\filesystem\archive\vsx\vsx_filesystem_archive_vsx_writer.cpp">
      <Filter>Source Files</Filter>
    </ClCompile>
    <ClCompile Include="src\filesystem\archive\vsxz\vsx_filesystem_archive_vsxz_info.cpp">
      <Filter>Source Files</Filter>
    </ClCompile>
    <ClCompile Include="src\filesystem\archive\vsxz\vsx_filesystem_archive_vsxz_reader.cpp">
      <Filter>Source Files</Filter>
    </ClCompile>
    <ClCompile Include="src\filesystem\archive\vsxz\vsx_filesystem_archive_vsxz_writer.cpp">
      <Filter>Source Files</Filter>
    </ClCompile>
    <ClCompile Include="src\filesystem\archive\vsx_filesystem_archive_reader.cpp">
      <Filter>Source Files</Filter>
    </ClCompile>
    <ClCompile Include="src\filesystem\vsx_filesystem.cpp">
      <Filter>Source Files</Filter>
    </ClCompile>
    <ClCompile Include="src\filesystem\vsx_filesystem_helper.cpp">
      <Filter>Source Files</Filter>
    </ClCompile>
    <ClCompile Include="src\log\vsx_log.cpp">
      <Filter>Source Files</Filter>
    </ClCompile>
    <ClCompile Include="src\math\vsx_rand.cpp">
      <Filter>Source Files</Filter>
    </ClCompile>
    <ClCompile Include="src\vsx_argvector.cpp">
      <Filter>Source Files</Filter>
    </ClCompile>
    <ClCompile Include="src\vsx_data_path.cpp">
      <Filter>Source Files</Filter>
    </ClCompile>
    <ClCompile Include="third-party\mt\mt.cc">
      <Filter>Source Files</Filter>
    </ClCompile>
  </ItemGroup>
  <ItemGroup>
    <ClInclude Include="include\audio\vsx_audio_constants.h">
      <Filter>Header Files</Filter>
    </ClInclude>
    <ClInclude Include="include\audio\vsx_audio_mixer.h">
      <Filter>Header Files</Filter>
    </ClInclude>
    <ClInclude Include="include\audio\vsx_audio_mixer_channel.h">
      <Filter>Header Files</Filter>
    </ClInclude>
    <ClInclude Include="include\audio\vsx_audio_mixer_manager.h">
      <Filter>Header Files</Filter>
    </ClInclude>
    <ClInclude Include="include\audio\vsx_audio_node.h">
      <Filter>Header Files</Filter>
    </ClInclude>
    <ClInclude Include="include\audio\vsx_sample.h">
      <Filter>Header Files</Filter>
    </ClInclude>
    <ClInclude Include="include\audio\vsx_sample_raw.h">
      <Filter>Header Files</Filter>
    </ClInclude>
    <ClInclude Include="include\color\vsx_color.h">
      <Filter>Header Files</Filter>
    </ClInclude>
    <ClInclude Include="include\color\vsx_color_aux.h">
      <Filter>Header Files</Filter>
    </ClInclude>
    <ClInclude Include="include\container\vsx_ma_vector.h">
      <Filter>Header Files</Filter>
    </ClInclude>
    <ClInclude Include="include\container\vsx_nw_vector.h">
      <Filter>Header Files</Filter>
    </ClInclude>
    <ClInclude Include="include\container\vsx_nw_vector_nd.h">
      <Filter>Header Files</Filter>
    </ClInclude>
    <ClInclude Include="include\debug\vsx_backtrace.h">
      <Filter>Header Files</Filter>
    </ClInclude>
    <ClInclude Include="include\debug\vsx_error.h">
      <Filter>Header Files</Filter>
    </ClInclude>
    <ClInclude Include="include\debug\vsx_memory.h">
      <Filter>Header Files</Filter>
    </ClInclude>
    <ClInclude Include="include\filesystem\archive\vsx\vsx_filesystem_archive_vsx_reader.h">
      <Filter>Header Files</Filter>
    </ClInclude>
    <ClInclude Include="include\filesystem\archive\vsx\vsx_filesystem_archive_vsx_writer.h">
      <Filter>Header Files</Filter>
    </ClInclude>
    <ClInclude Include="include\filesystem\archive\vsxz\vsx_filesystem_archive_chunk_write.h">
      <Filter>Header Files</Filter>
    </ClInclude>
    <ClInclude Include="include\filesystem\archive\vsxz\vsx_filesystem_archive_vsxz_header.h">
      <Filter>Header Files</Filter>
    </ClInclude>
    <ClInclude Include="include\filesystem\archive\vsxz\vsx_filesystem_archive_vsxz_info.h">
      <Filter>Header Files</Filter>
    </ClInclude>
    <ClInclude Include="include\filesystem\archive\vsxz\vsx_filesystem_archive_vsxz_reader.h">
      <Filter>Header Files</Filter>
    </ClInclude>
    <ClInclude Include="include\filesystem\archive\vsxz\vsx_filesystem_archive_vsxz_writer.h">
      <Filter>Header Files</Filter>
    </ClInclude>
    <ClInclude Include="include\filesystem\archive\vsx_filesystem_archive_file_read.h">
      <Filter>Header Files</Filter>
    </ClInclude>
    <ClInclude Include="include\filesystem\archive\vsx_filesystem_archive_file_write.h">
      <Filter>Header Files</Filter>
    </ClInclude>
    <ClInclude Include="include\filesystem\archive\vsx_filesystem_archive_reader.h">
      <Filter>Header Files</Filter>
    </ClInclude>
    <ClInclude Include="include\filesystem\archive\vsx_filesystem_archive_reader_base.h">
      <Filter>Header Files</Filter>
    </ClInclude>
    <ClInclude Include="include\filesystem\archive\vsx_filesystem_archive_writer_base.h">
      <Filter>Header Files</Filter>
    </ClInclude>
    <ClInclude Include="include\filesystem\mmap\vsx_file_mmap.h">
      <Filter>Header Files</Filter>
    </ClInclude>
    <ClInclude Include="include\filesystem\mmap\vsx_filesystem_mmap.h">
      <Filter>Header Files</Filter>
    </ClInclude>
    <ClInclude Include="include\filesystem\mmap\vsx_filesystem_mmap_linux.h">
      <Filter>Header Files</Filter>
    </ClInclude>
    <ClInclude Include="include\filesystem\mmap\vsx_filesystem_mmap_windows.h">
      <Filter>Header Files</Filter>
    </ClInclude>
    <ClInclude Include="include\filesystem\tree\vsx_filesystem_tree_node.h">
      <Filter>Header Files</Filter>
    </ClInclude>
    <ClInclude Include="include\filesystem\tree\vsx_filesystem_tree_reader.h">
      <Filter>Header Files</Filter>
    </ClInclude>
    <ClInclude Include="include\filesystem\tree\vsx_filesystem_tree_serialize_binary.h">
      <Filter>Header Files</Filter>
    </ClInclude>
    <ClInclude Include="include\filesystem\tree\vsx_filesystem_tree_serialize_string.h">
      <Filter>Header Files</Filter>
    </ClInclude>
    <ClInclude Include="include\filesystem\tree\vsx_filesystem_tree_writer.h">
      <Filter>Header Files</Filter>
    </ClInclude>
    <ClInclude Include="include\filesystem\vsx_file.h">
      <Filter>Header Files</Filter>
    </ClInclude>
    <ClInclude Include="include\filesystem\vsx_filesystem.h">
      <Filter>Header Files</Filter>
    </ClInclude>
    <ClInclude Include="include\filesystem\vsx_filesystem_helper.h">
      <Filter>Header Files</Filter>
    </ClInclude>
    <ClInclude Include="include\filesystem\vsx_filesystem_identifier.h">
      <Filter>Header Files</Filter>
    </ClInclude>
    <ClInclude Include="include\graphics\face\vsx_face1.h">
      <Filter>Header Files</Filter>
    </ClInclude>
    <ClInclude Include="include\graphics\face\vsx_face2.h">
      <Filter>Header Files</Filter>
    </ClInclude>
    <ClInclude Include="include\graphics\face\vsx_face3.h">
      <Filter>Header Files</Filter>
    </ClInclude>
    <ClInclude Include="include\graphics\face\vsx_face4.h">
      <Filter>Header Files</Filter>
    </ClInclude>
    <ClInclude Include="include\graphics\vsx_grid_mesh.h">
      <Filter>Header Files</Filter>
    </ClInclude>
    <ClInclude Include="include\graphics\vsx_mesh.h">
      <Filter>Header Files</Filter>
    </ClInclude>
    <ClInclude Include="include\graphics\vsx_mesh_helper.h">
      <Filter>Header Files</Filter>
    </ClInclude>
    <ClInclude Include="include\graphics\vsx_texcoord.h">
      <Filter>Header Files</Filter>
    </ClInclude>
    <ClInclude Include="include\input\events\vsx_input_event_game_controller.h">
      <Filter>Header Files</Filter>
    </ClInclude>
    <ClInclude Include="include\input\events\vsx_input_event_keyboard.h">
      <Filter>Header Files</Filter>
    </ClInclude>
    <ClInclude Include="include\input\events\vsx_input_event_keyboard_scancode.h">
      <Filter>Header Files</Filter>
    </ClInclude>
    <ClInclude Include="include\input\events\vsx_input_event_mouse.h">
      <Filter>Header Files</Filter>
    </ClInclude>
    <ClInclude Include="include\input\events\vsx_input_event_text.h">
      <Filter>Header Files</Filter>
    </ClInclude>
    <ClInclude Include="include\input\states\game\vsx_input_state_game_controller.h">
      <Filter>Header Files</Filter>
    </ClInclude>
    <ClInclude Include="include\input\states\game\vsx_input_state_game_joystick.h">
      <Filter>Header Files</Filter>
    </ClInclude>
    <ClInclude Include="include\input\states\vsx_input_state_game.h">
      <Filter>Header Files</Filter>
    </ClInclude>
    <ClInclude Include="include\input\states\vsx_input_state_keyboard.h">
      <Filter>Header Files</Filter>
    </ClInclude>
    <ClInclude Include="include\input\states\vsx_input_state_mouse.h">
      <Filter>Header Files</Filter>
    </ClInclude>
    <ClInclude Include="include\input\vsx_input_event.h">
      <Filter>Header Files</Filter>
    </ClInclude>
    <ClInclude Include="include\input\vsx_input_event_queue.h">
      <Filter>Header Files</Filter>
    </ClInclude>
    <ClInclude Include="include\input\vsx_input_event_queue_reader.h">
      <Filter>Header Files</Filter>
    </ClInclude>
    <ClInclude Include="include\log\vsx_log.h">
      <Filter>Header Files</Filter>
    </ClInclude>
    <ClInclude Include="include\math\quaternion\vsx_quaternion.h">
      <Filter>Header Files</Filter>
    </ClInclude>
    <ClInclude Include="include\math\quaternion\vsx_quaternion_array.h">
      <Filter>Header Files</Filter>
    </ClInclude>
    <ClInclude Include="include\math\quaternion\vsx_quaternion_helper.h">
      <Filter>Header Files</Filter>
    </ClInclude>
    <ClInclude Include="include\math\vector\vsx_vector_array.h">
      <Filter>Header Files</Filter>
    </ClInclude>
    <ClInclude Include="include\math\vector\vsx_vector2.h">
      <Filter>Header Files</Filter>
    </ClInclude>
    <ClInclude Include="include\math\vector\vsx_vector2_helper.h">
      <Filter>Header Files</Filter>
    </ClInclude>
    <ClInclude Include="include\math\vector\vsx_vector3.h">
      <Filter>Header Files</Filter>
    </ClInclude>
    <ClInclude Include="include\math\vector\vsx_vector3_helper.h">
      <Filter>Header Files</Filter>
    </ClInclude>
    <ClInclude Include="include\math\vector\vsx_vector4.h">
      <Filter>Header Files</Filter>
    </ClInclude>
    <ClInclude Include="include\math\vsx_bezier_calc.h">
      <Filter>Header Files</Filter>
    </ClInclude>
    <ClInclude Include="include\math\vsx_bspline.h">
      <Filter>Header Files</Filter>
    </ClInclude>
    <ClInclude Include="include\math\vsx_float_array.h">
      <Filter>Header Files</Filter>
    </ClInclude>
    <ClInclude Include="include\math\vsx_integrator.h">
      <Filter>Header Files</Filter>
    </ClInclude>
    <ClInclude Include="include\math\vsx_math.h">
      <Filter>Header Files</Filter>
    </ClInclude>
    <ClInclude Include="include\math\vsx_matrix.h">
      <Filter>Header Files</Filter>
    </ClInclude>
    <ClInclude Include="include\math\vsx_rand.h">
      <Filter>Header Files</Filter>
    </ClInclude>
    <ClInclude Include="include\math\vsx_sequence.h">
      <Filter>Header Files</Filter>
    </ClInclude>
    <ClInclude Include="include\particlesystem\vsx_particlesystem.h">
      <Filter>Header Files</Filter>
    </ClInclude>
    <ClInclude Include="include\perf\vsx_perf.h">
      <Filter>Header Files</Filter>
    </ClInclude>
    <ClInclude Include="include\perf\vsx_perf_linux.h">
      <Filter>Header Files</Filter>
    </ClInclude>
    <ClInclude Include="include\perf\vsx_perf_win.h">
      <Filter>Header Files</Filter>
    </ClInclude>
    <ClInclude Include="include\profiler\vsx_profiler.h">
      <Filter>Header Files</Filter>
    </ClInclude>
    <ClInclude Include="include\profiler\vsx_profiler_consumer.h">
      <Filter>Header Files</Filter>
    </ClInclude>
    <ClInclude Include="include\profiler\vsx_profiler_manager.h">
      <Filter>Header Files</Filter>
    </ClInclude>
    <ClInclude Include="include\string\vsx_printf.h">
      <Filter>Header Files</Filter>
    </ClInclude>
    <ClInclude Include="include\string\vsx_string.h">
      <Filter>Header Files</Filter>
    </ClInclude>
    <ClInclude Include="include\string\vsx_string_helper.h">
      <Filter>Header Files</Filter>
    </ClInclude>
    <ClInclude Include="include\test\vsx_test.h">
      <Filter>Header Files</Filter>
    </ClInclude>
    <ClInclude Include="include\time\vsx_timer.h">
      <Filter>Header Files</Filter>
    </ClInclude>
    <ClInclude Include="include\tools\vsx_fifo.h">
      <Filter>Header Files</Filter>
    </ClInclude>
    <ClInclude Include="include\tools\vsx_foreach.h">
      <Filter>Header Files</Filter>
    </ClInclude>
    <ClInclude Include="include\tools\vsx_lock.h">
      <Filter>Header Files</Filter>
    </ClInclude>
    <ClInclude Include="include\tools\vsx_rdtsc.h">
      <Filter>Header Files</Filter>
    </ClInclude>
    <ClInclude Include="include\tools\vsx_req.h">
      <Filter>Header Files</Filter>
    </ClInclude>
    <ClInclude Include="include\tools\vsx_req_error.h">
      <Filter>Header Files</Filter>
    </ClInclude>
    <ClInclude Include="include\tools\vsx_singleton_counter.h">
      <Filter>Header Files</Filter>
    </ClInclude>
    <ClInclude Include="include\tools\vsx_thread_pool.h">
      <Filter>Header Files</Filter>
    </ClInclude>
    <ClInclude Include="include\vsx_abstract.h">
      <Filter>Header Files</Filter>
    </ClInclude>
    <ClInclude Include="include\vsx_argvector.h">
      <Filter>Header Files</Filter>
    </ClInclude>
    <ClInclude Include="include\vsx_common_dllimport.h">
      <Filter>Header Files</Filter>
    </ClInclude>
    <ClInclude Include="include\vsx_data_path.h">
      <Filter>Header Files</Filter>
    </ClInclude>
    <ClInclude Include="third-party\mt\mt.h">
      <Filter>Header Files</Filter>
    </ClInclude>
  </ItemGroup>
</Project>