
Microsoft Visual Studio Solution File, Format Version 12.00
# Visual Studio 14
VisualStudioVersion = 14.0.25123.0
MinimumVisualStudioVersion = 10.0.40219.1
Project("{2150E333-8FDC-42A3-9474-1A3956D46DE8}") = "lib", "lib", "{B49F3A48-C5D8-4B7C-8BC4-154050600A7D}"
EndProject
Project("{8BC9CEB8-8B4A-11D0-8D11-00A0C91BC942}") = "common", "lib\common\common.vcxproj", "{FA791770-E120-4E57-BF27-C00DFF212DF3}"
EndProject
Project("{8BC9CEB8-8B4A-11D0-8D11-00A0C91BC942}") = "test_mmap", "lib\common\test\test_mmap.vcxproj", "{F3FDE078-7F92-479F-8DFF-AB2FC46F7B01}"
	ProjectSection(ProjectDependencies) = postProject
		{FA791770-E120-4E57-BF27-C00DFF212DF3} = {FA791770-E120-4E57-BF27-C00DFF212DF3}
	EndProjectSection
EndProject
Project("{2150E333-8FDC-42A3-9474-1A3956D46DE8}") = "common", "common", "{0F7AC885-1C01-4861-B6FC-73B98302C497}"
EndProject
Project("{2150E333-8FDC-42A3-9474-1A3956D46DE8}") = "test", "test", "{6EEC703E-49AA-4AA0-BF8C-B47818530B63}"
EndProject
Project("{2150E333-8FDC-42A3-9474-1A3956D46DE8}") = "compression", "compression", "{1065FCED-4C8E-4922-B341-B38D59325BD2}"
EndProject
Project("{2150E333-8FDC-42A3-9474-1A3956D46DE8}") = "test", "test", "{E209C64C-7666-4419-B5BF-EE4A724E7E56}"
EndProject
Project("{8BC9CEB8-8B4A-11D0-8D11-00A0C91BC942}") = "compression", "lib\compression\compression.vcxproj", "{3489A41A-D4EF-4AB6-A2FF-40070ADB2A8F}"
EndProject
Project("{8BC9CEB8-8B4A-11D0-8D11-00A0C91BC942}") = "test_compression_lzma_old", "lib\compression\test\test_compression_lzma_old.vcxproj", "{3F6261E6-3A3F-44D7-9C95-6DE335BE6F00}"
	ProjectSection(ProjectDependencies) = postProject
		{3489A41A-D4EF-4AB6-A2FF-40070ADB2A8F} = {3489A41A-D4EF-4AB6-A2FF-40070ADB2A8F}
		{FA791770-E120-4E57-BF27-C00DFF212DF3} = {FA791770-E120-4E57-BF27-C00DFF212DF3}
	EndProjectSection
EndProject
Project("{8BC9CEB8-8B4A-11D0-8D11-00A0C91BC942}") = "test_compression_lzma", "lib\compression\test\test_compression_lzma.vcxproj", "{E857528D-F8EC-4BAD-BDF3-22401CE5C8DB}"
	ProjectSection(ProjectDependencies) = postProject
		{3489A41A-D4EF-4AB6-A2FF-40070ADB2A8F} = {3489A41A-D4EF-4AB6-A2FF-40070ADB2A8F}
		{FA791770-E120-4E57-BF27-C00DFF212DF3} = {FA791770-E120-4E57-BF27-C00DFF212DF3}
	EndProjectSection
EndProject
Project("{8BC9CEB8-8B4A-11D0-8D11-00A0C91BC942}") = "test_compression_lzham", "lib\compression\test\test_compression_lzham.vcxproj", "{B02FA827-FE6E-45AA-94E7-1B63448D5777}"
	ProjectSection(ProjectDependencies) = postProject
		{3489A41A-D4EF-4AB6-A2FF-40070ADB2A8F} = {3489A41A-D4EF-4AB6-A2FF-40070ADB2A8F}
		{FA791770-E120-4E57-BF27-C00DFF212DF3} = {FA791770-E120-4E57-BF27-C00DFF212DF3}
	EndProjectSection
EndProject
Project("{8BC9CEB8-8B4A-11D0-8D11-00A0C91BC942}") = "test_thread_pool", "lib\common\test\test_thread_pool.vcxproj", "{E2059EFF-79C3-454C-989B-80E26E064DBB}"
	ProjectSection(ProjectDependencies) = postProject
		{3489A41A-D4EF-4AB6-A2FF-40070ADB2A8F} = {3489A41A-D4EF-4AB6-A2FF-40070ADB2A8F}
		{FA791770-E120-4E57-BF27-C00DFF212DF3} = {FA791770-E120-4E57-BF27-C00DFF212DF3}
	EndProjectSection
EndProject
Global
	GlobalSection(SolutionConfigurationPlatforms) = preSolution
		Debug|x64 = Debug|x64
		Debug|x86 = Debug|x86
		Release|x64 = Release|x64
		Release|x86 = Release|x86
	EndGlobalSection
	GlobalSection(ProjectConfigurationPlatforms) = postSolution
		{FA791770-E120-4E57-BF27-C00DFF212DF3}.Debug|x64.ActiveCfg = Debug|x64
		{FA791770-E120-4E57-BF27-C00DFF212DF3}.Debug|x64.Build.0 = Debug|x64
		{FA791770-E120-4E57-BF27-C00DFF212DF3}.Debug|x86.ActiveCfg = Debug|Win32
		{FA791770-E120-4E57-BF27-C00DFF212DF3}.Debug|x86.Build.0 = Debug|Win32
		{FA791770-E120-4E57-BF27-C00DFF212DF3}.Release|x64.ActiveCfg = Release|x64
		{FA791770-E120-4E57-BF27-C00DFF212DF3}.Release|x64.Build.0 = Release|x64
		{FA791770-E120-4E57-BF27-C00DFF212DF3}.Release|x86.ActiveCfg = Release|Win32
		{FA791770-E120-4E57-BF27-C00DFF212DF3}.Release|x86.Build.0 = Release|Win32
		{F3FDE078-7F92-479F-8DFF-AB2FC46F7B01}.Debug|x64.ActiveCfg = Debug|x64
		{F3FDE078-7F92-479F-8DFF-AB2FC46F7B01}.Debug|x64.Build.0 = Debug|x64
		{F3FDE078-7F92-479F-8DFF-AB2FC46F7B01}.Debug|x86.ActiveCfg = Debug|Win32
		{F3FDE078-7F92-479F-8DFF-AB2FC46F7B01}.Debug|x86.Build.0 = Debug|Win32
		{F3FDE078-7F92-479F-8DFF-AB2FC46F7B01}.Release|x64.ActiveCfg = Release|x64
		{F3FDE078-7F92-479F-8DFF-AB2FC46F7B01}.Release|x64.Build.0 = Release|x64
		{F3FDE078-7F92-479F-8DFF-AB2FC46F7B01}.Release|x86.ActiveCfg = Release|Win32
		{F3FDE078-7F92-479F-8DFF-AB2FC46F7B01}.Release|x86.Build.0 = Release|Win32
		{3489A41A-D4EF-4AB6-A2FF-40070ADB2A8F}.Debug|x64.ActiveCfg = Debug|x64
		{3489A41A-D4EF-4AB6-A2FF-40070ADB2A8F}.Debug|x64.Build.0 = Debug|x64
		{3489A41A-D4EF-4AB6-A2FF-40070ADB2A8F}.Debug|x86.ActiveCfg = Debug|Win32
		{3489A41A-D4EF-4AB6-A2FF-40070ADB2A8F}.Debug|x86.Build.0 = Debug|Win32
		{3489A41A-D4EF-4AB6-A2FF-40070ADB2A8F}.Release|x64.ActiveCfg = Release|x64
		{3489A41A-D4EF-4AB6-A2FF-40070ADB2A8F}.Release|x64.Build.0 = Release|x64
		{3489A41A-D4EF-4AB6-A2FF-40070ADB2A8F}.Release|x86.ActiveCfg = Release|Win32
		{3489A41A-D4EF-4AB6-A2FF-40070ADB2A8F}.Release|x86.Build.0 = Release|Win32
		{3F6261E6-3A3F-44D7-9C95-6DE335BE6F00}.Debug|x64.ActiveCfg = Debug|x64
		{3F6261E6-3A3F-44D7-9C95-6DE335BE6F00}.Debug|x64.Build.0 = Debug|x64
		{3F6261E6-3A3F-44D7-9C95-6DE335BE6F00}.Debug|x86.ActiveCfg = Debug|Win32
		{3F6261E6-3A3F-44D7-9C95-6DE335BE6F00}.Debug|x86.Build.0 = Debug|Win32
		{3F6261E6-3A3F-44D7-9C95-6DE335BE6F00}.Release|x64.ActiveCfg = Release|x64
		{3F6261E6-3A3F-44D7-9C95-6DE335BE6F00}.Release|x64.Build.0 = Release|x64
		{3F6261E6-3A3F-44D7-9C95-6DE335BE6F00}.Release|x86.ActiveCfg = Release|Win32
		{3F6261E6-3A3F-44D7-9C95-6DE335BE6F00}.Release|x86.Build.0 = Release|Win32
		{E857528D-F8EC-4BAD-BDF3-22401CE5C8DB}.Debug|x64.ActiveCfg = Debug|x64
		{E857528D-F8EC-4BAD-BDF3-22401CE5C8DB}.Debug|x64.Build.0 = Debug|x64
		{E857528D-F8EC-4BAD-BDF3-22401CE5C8DB}.Debug|x86.ActiveCfg = Debug|Win32
		{E857528D-F8EC-4BAD-BDF3-22401CE5C8DB}.Debug|x86.Build.0 = Debug|Win32
		{E857528D-F8EC-4BAD-BDF3-22401CE5C8DB}.Release|x64.ActiveCfg = Release|x64
		{E857528D-F8EC-4BAD-BDF3-22401CE5C8DB}.Release|x64.Build.0 = Release|x64
		{E857528D-F8EC-4BAD-BDF3-22401CE5C8DB}.Release|x86.ActiveCfg = Release|Win32
		{E857528D-F8EC-4BAD-BDF3-22401CE5C8DB}.Release|x86.Build.0 = Release|Win32
		{B02FA827-FE6E-45AA-94E7-1B63448D5777}.Debug|x64.ActiveCfg = Debug|x64
		{B02FA827-FE6E-45AA-94E7-1B63448D5777}.Debug|x64.Build.0 = Debug|x64
		{B02FA827-FE6E-45AA-94E7-1B63448D5777}.Debug|x86.ActiveCfg = Debug|Win32
		{B02FA827-FE6E-45AA-94E7-1B63448D5777}.Debug|x86.Build.0 = Debug|Win32
		{B02FA827-FE6E-45AA-94E7-1B63448D5777}.Release|x64.ActiveCfg = Release|x64
		{B02FA827-FE6E-45AA-94E7-1B63448D5777}.Release|x64.Build.0 = Release|x64
		{B02FA827-FE6E-45AA-94E7-1B63448D5777}.Release|x86.ActiveCfg = Release|Win32
		{B02FA827-FE6E-45AA-94E7-1B63448D5777}.Release|x86.Build.0 = Release|Win32
		{E2059EFF-79C3-454C-989B-80E26E064DBB}.Debug|x64.ActiveCfg = Debug|x64
		{E2059EFF-79C3-454C-989B-80E26E064DBB}.Debug|x64.Build.0 = Debug|x64
		{E2059EFF-79C3-454C-989B-80E26E064DBB}.Debug|x86.ActiveCfg = Debug|Win32
		{E2059EFF-79C3-454C-989B-80E26E064DBB}.Debug|x86.Build.0 = Debug|Win32
		{E2059EFF-79C3-454C-989B-80E26E064DBB}.Release|x64.ActiveCfg = Release|x64
		{E2059EFF-79C3-454C-989B-80E26E064DBB}.Release|x64.Build.0 = Release|x64
		{E2059EFF-79C3-454C-989B-80E26E064DBB}.Release|x86.ActiveCfg = Release|Win32
		{E2059EFF-79C3-454C-989B-80E26E064DBB}.Release|x86.Build.0 = Release|Win32
	EndGlobalSection
	GlobalSection(SolutionProperties) = preSolution
		HideSolutionNode = FALSE
	EndGlobalSection
	GlobalSection(NestedProjects) = preSolution
		{FA791770-E120-4E57-BF27-C00DFF212DF3} = {0F7AC885-1C01-4861-B6FC-73B98302C497}
		{F3FDE078-7F92-479F-8DFF-AB2FC46F7B01} = {6EEC703E-49AA-4AA0-BF8C-B47818530B63}
		{0F7AC885-1C01-4861-B6FC-73B98302C497} = {B49F3A48-C5D8-4B7C-8BC4-154050600A7D}
		{6EEC703E-49AA-4AA0-BF8C-B47818530B63} = {0F7AC885-1C01-4861-B6FC-73B98302C497}
		{1065FCED-4C8E-4922-B341-B38D59325BD2} = {B49F3A48-C5D8-4B7C-8BC4-154050600A7D}
		{E209C64C-7666-4419-B5BF-EE4A724E7E56} = {1065FCED-4C8E-4922-B341-B38D59325BD2}
		{3489A41A-D4EF-4AB6-A2FF-40070ADB2A8F} = {1065FCED-4C8E-4922-B341-B38D59325BD2}
		{3F6261E6-3A3F-44D7-9C95-6DE335BE6F00} = {E209C64C-7666-4419-B5BF-EE4A724E7E56}
		{E857528D-F8EC-4BAD-BDF3-22401CE5C8DB} = {E209C64C-7666-4419-B5BF-EE4A724E7E56}
		{B02FA827-FE6E-45AA-94E7-1B63448D5777} = {E209C64C-7666-4419-B5BF-EE4A724E7E56}
		{E2059EFF-79C3-454C-989B-80E26E064DBB} = {6EEC703E-49AA-4AA0-BF8C-B47818530B63}
	EndGlobalSection
EndGlobal
