
Microsoft Visual Studio Solution File, Format Version 12.00
# Visual Studio 14
VisualStudioVersion = 14.0.24720.0
MinimumVisualStudioVersion = 10.0.40219.1
Project("{2150E333-8FDC-42A3-9474-1A3956D46DE8}") = "lib", "lib", "{B49F3A48-C5D8-4B7C-8BC4-154050600A7D}"
EndProject
Project("{8BC9CEB8-8B4A-11D0-8D11-00A0C91BC942}") = "common", "lib\common\common.vcxproj", "{FA791770-E120-4E57-BF27-C00DFF212DF3}"
EndProject
Project("{8BC9CEB8-8B4A-11D0-8D11-00A0C91BC942}") = "test_mmap", "lib\common\test\test_mmap.vcxproj", "{F3FDE078-7F92-479F-8DFF-AB2FC46F7B01}"
	ProjectSection(ProjectDependencies) = postProject
		{FA791770-E120-4E57-BF27-C00DFF212DF3} = {FA791770-E120-4E57-BF27-C00DFF212DF3}
	EndProjectSection
EndProject
Project("{2150E333-8FDC-42A3-9474-1A3956D46DE8}") = "common", "common", "{0F7AC885-1C01-4861-B6FC-73B98302C497}"
EndProject
Project("{2150E333-8FDC-42A3-9474-1A3956D46DE8}") = "test", "test", "{6EEC703E-49AA-4AA0-BF8C-B47818530B63}"
EndProject
Project("{2150E333-8FDC-42A3-9474-1A3956D46DE8}") = "compression", "compression", "{1065FCED-4C8E-4922-B341-B38D59325BD2}"
EndProject
Project("{2150E333-8FDC-42A3-9474-1A3956D46DE8}") = "test", "test", "{E209C64C-7666-4419-B5BF-EE4A724E7E56}"
EndProject
Project("{8BC9CEB8-8B4A-11D0-8D11-00A0C91BC942}") = "compression", "lib\compression\compression.vcxproj", "{3489A41A-D4EF-4AB6-A2FF-40070ADB2A8F}"
EndProject
Project("{8BC9CEB8-8B4A-11D0-8D11-00A0C91BC942}") = "test_compression_lzma_old", "lib\compression\test\test_compression_lzma_old.vcxproj", "{3F6261E6-3A3F-44D7-9C95-6DE335BE6F00}"
	ProjectSection(ProjectDependencies) = postProject
		{3489A41A-D4EF-4AB6-A2FF-40070ADB2A8F} = {3489A41A-D4EF-4AB6-A2FF-40070ADB2A8F}
		{FA791770-E120-4E57-BF27-C00DFF212DF3} = {FA791770-E120-4E57-BF27-C00DFF212DF3}
	EndProjectSection
EndProject
Project("{8BC9CEB8-8B4A-11D0-8D11-00A0C91BC942}") = "test_compression_lzma", "lib\compression\test\test_compression_lzma.vcxproj", "{E857528D-F8EC-4BAD-BDF3-22401CE5C8DB}"
	ProjectSection(ProjectDependencies) = postProject
		{3489A41A-D4EF-4AB6-A2FF-40070ADB2A8F} = {3489A41A-D4EF-4AB6-A2FF-40070ADB2A8F}
		{FA791770-E120-4E57-BF27-C00DFF212DF3} = {FA791770-E120-4E57-BF27-C00DFF212DF3}
	EndProjectSection
EndProject
Project("{8BC9CEB8-8B4A-11D0-8D11-00A0C91BC942}") = "test_compression_lzham", "lib\compression\test\test_compression_lzham.vcxproj", "{B02FA827-FE6E-45AA-94E7-1B63448D5777}"
	ProjectSection(ProjectDependencies) = postProject
		{3489A41A-D4EF-4AB6-A2FF-40070ADB2A8F} = {3489A41A-D4EF-4AB6-A2FF-40070ADB2A8F}
		{FA791770-E120-4E57-BF27-C00DFF212DF3} = {FA791770-E120-4E57-BF27-C00DFF212DF3}
	EndProjectSection
EndProject
Project("{8BC9CEB8-8B4A-11D0-8D11-00A0C91BC942}") = "test_thread_pool", "lib\common\test\test_thread_pool.vcxproj", "{E2059EFF-79C3-454C-989B-80E26E064DBB}"
	ProjectSection(ProjectDependencies) = postProject
		{3489A41A-D4EF-4AB6-A2FF-40070ADB2A8F} = {3489A41A-D4EF-4AB6-A2FF-40070ADB2A8F}
		{FA791770-E120-4E57-BF27-C00DFF212DF3} = {FA791770-E120-4E57-BF27-C00DFF212DF3}
	EndProjectSection
EndProject
Project("{8BC9CEB8-8B4A-11D0-8D11-00A0C91BC942}") = "test_filesystem_archive_vsxz", "lib\common\test\test_filesystem_archive_vsxz.vcxproj", "{27F92375-7577-4B63-BA14-3D6968181C20}"
	ProjectSection(ProjectDependencies) = postProject
		{3489A41A-D4EF-4AB6-A2FF-40070ADB2A8F} = {3489A41A-D4EF-4AB6-A2FF-40070ADB2A8F}
		{FA791770-E120-4E57-BF27-C00DFF212DF3} = {FA791770-E120-4E57-BF27-C00DFF212DF3}
	EndProjectSection
EndProject
Project("{8BC9CEB8-8B4A-11D0-8D11-00A0C91BC942}") = "test_string", "lib\common\test\test_string.vcxproj", "{EEB1B562-13ED-4912-858A-184E622E1535}"
	ProjectSection(ProjectDependencies) = postProject
		{FA791770-E120-4E57-BF27-C00DFF212DF3} = {FA791770-E120-4E57-BF27-C00DFF212DF3}
	EndProjectSection
EndProject
Project("{8BC9CEB8-8B4A-11D0-8D11-00A0C91BC942}") = "test_vsx_filesystem_tree_writer", "lib\common\test\test_vsx_filesystem_tree_writer.vcxproj", "{9B038485-8477-4D97-A793-DE73C5860892}"
	ProjectSection(ProjectDependencies) = postProject
		{FA791770-E120-4E57-BF27-C00DFF212DF3} = {FA791770-E120-4E57-BF27-C00DFF212DF3}
	EndProjectSection
EndProject
Project("{8BC9CEB8-8B4A-11D0-8D11-00A0C91BC942}") = "test_vsx_input_event_queue", "lib\common\test\test_vsx_input_event_queue.vcxproj", "{1CFE8CB1-EA56-4057-9E42-0D424D49B0EA}"
	ProjectSection(ProjectDependencies) = postProject
		{FA791770-E120-4E57-BF27-C00DFF212DF3} = {FA791770-E120-4E57-BF27-C00DFF212DF3}
	EndProjectSection
EndProject
Project("{2150E333-8FDC-42A3-9474-1A3956D46DE8}") = "application", "application", "{ED4AFE88-6150-4AA6-AE99-ED9A9C15EE47}"
EndProject
Project("{2150E333-8FDC-42A3-9474-1A3956D46DE8}") = "test", "test", "{457CE805-F651-4B12-8D3B-D18FBAF2A9D5}"
EndProject
Project("{8BC9CEB8-8B4A-11D0-8D11-00A0C91BC942}") = "application", "lib\application\application.vcxproj", "{DA2F3D7C-B54E-43CA-B13D-901179490FB4}"
EndProject
Project("{2150E333-8FDC-42A3-9474-1A3956D46DE8}") = "programs", "programs", "{372976D9-8C14-4BB5-B8A2-497CE80295BB}"
EndProject
Project("{2150E333-8FDC-42A3-9474-1A3956D46DE8}") = "engine_graphics", "engine_graphics", "{E34F6E3D-F298-4171-B105-A23D7DA4D75A}"
EndProject
Project("{2150E333-8FDC-42A3-9474-1A3956D46DE8}") = "test", "test", "{125BD411-3FF8-42A8-B972-C9D5B04FF75B}"
EndProject
Project("{8BC9CEB8-8B4A-11D0-8D11-00A0C91BC942}") = "engine_graphics", "lib\engine_graphics\engine_graphics.vcxproj", "{A298C59C-B5EF-4240-86A7-6BA8F4A07BB6}"
EndProject
Project("{8BC9CEB8-8B4A-11D0-8D11-00A0C91BC942}") = "test_input", "lib\application\test\test_input.vcxproj", "{C5BA19A5-21DF-4078-95C4-735E4E45B348}"
	ProjectSection(ProjectDependencies) = postProject
		{3489A41A-D4EF-4AB6-A2FF-40070ADB2A8F} = {3489A41A-D4EF-4AB6-A2FF-40070ADB2A8F}
		{FA791770-E120-4E57-BF27-C00DFF212DF3} = {FA791770-E120-4E57-BF27-C00DFF212DF3}
		{DA2F3D7C-B54E-43CA-B13D-901179490FB4} = {DA2F3D7C-B54E-43CA-B13D-901179490FB4}
		{A298C59C-B5EF-4240-86A7-6BA8F4A07BB6} = {A298C59C-B5EF-4240-86A7-6BA8F4A07BB6}
	EndProjectSection
EndProject
Project("{2150E333-8FDC-42A3-9474-1A3956D46DE8}") = "widget", "widget", "{464059EC-E5CD-4F6E-B916-BB3BB4A7933D}"
EndProject
Project("{2150E333-8FDC-42A3-9474-1A3956D46DE8}") = "engine", "engine", "{5CEB310A-0FA2-4A61-8BB9-EFD13ED49D0B}"
EndProject
Project("{2150E333-8FDC-42A3-9474-1A3956D46DE8}") = "engine_audiovisual", "engine_audiovisual", "{D78E8F36-3833-49CC-8F90-325747138B00}"
EndProject
Project("{8BC9CEB8-8B4A-11D0-8D11-00A0C91BC942}") = "widget", "lib\widget\widget.vcxproj", "{69DBB0E9-A94C-44CA-9C04-12EFD9109EC7}"
EndProject
Global
	GlobalSection(SolutionConfigurationPlatforms) = preSolution
		Debug|x64 = Debug|x64
		Debug|x86 = Debug|x86
		Release|x64 = Release|x64
		Release|x86 = Release|x86
	EndGlobalSection
	GlobalSection(ProjectConfigurationPlatforms) = postSolution
		{FA791770-E120-4E57-BF27-C00DFF212DF3}.Debug|x64.ActiveCfg = Debug|x64
		{FA791770-E120-4E57-BF27-C00DFF212DF3}.Debug|x64.Build.0 = Debug|x64
		{FA791770-E120-4E57-BF27-C00DFF212DF3}.Debug|x86.ActiveCfg = Debug|Win32
		{FA791770-E120-4E57-BF27-C00DFF212DF3}.Debug|x86.Build.0 = Debug|Win32
		{FA791770-E120-4E57-BF27-C00DFF212DF3}.Release|x64.ActiveCfg = Release|x64
		{FA791770-E120-4E57-BF27-C00DFF212DF3}.Release|x64.Build.0 = Release|x64
		{FA791770-E120-4E57-BF27-C00DFF212DF3}.Release|x86.ActiveCfg = Release|Win32
		{FA791770-E120-4E57-BF27-C00DFF212DF3}.Release|x86.Build.0 = Release|Win32
		{F3FDE078-7F92-479F-8DFF-AB2FC46F7B01}.Debug|x64.ActiveCfg = Debug|x64
		{F3FDE078-7F92-479F-8DFF-AB2FC46F7B01}.Debug|x64.Build.0 = Debug|x64
		{F3FDE078-7F92-479F-8DFF-AB2FC46F7B01}.Debug|x86.ActiveCfg = Debug|Win32
		{F3FDE078-7F92-479F-8DFF-AB2FC46F7B01}.Debug|x86.Build.0 = Debug|Win32
		{F3FDE078-7F92-479F-8DFF-AB2FC46F7B01}.Release|x64.ActiveCfg = Release|x64
		{F3FDE078-7F92-479F-8DFF-AB2FC46F7B01}.Release|x64.Build.0 = Release|x64
		{F3FDE078-7F92-479F-8DFF-AB2FC46F7B01}.Release|x86.ActiveCfg = Release|Win32
		{F3FDE078-7F92-479F-8DFF-AB2FC46F7B01}.Release|x86.Build.0 = Release|Win32
		{3489A41A-D4EF-4AB6-A2FF-40070ADB2A8F}.Debug|x64.ActiveCfg = Debug|x64
		{3489A41A-D4EF-4AB6-A2FF-40070ADB2A8F}.Debug|x64.Build.0 = Debug|x64
		{3489A41A-D4EF-4AB6-A2FF-40070ADB2A8F}.Debug|x86.ActiveCfg = Debug|Win32
		{3489A41A-D4EF-4AB6-A2FF-40070ADB2A8F}.Debug|x86.Build.0 = Debug|Win32
		{3489A41A-D4EF-4AB6-A2FF-40070ADB2A8F}.Release|x64.ActiveCfg = Release|x64
		{3489A41A-D4EF-4AB6-A2FF-40070ADB2A8F}.Release|x64.Build.0 = Release|x64
		{3489A41A-D4EF-4AB6-A2FF-40070ADB2A8F}.Release|x86.ActiveCfg = Release|Win32
		{3489A41A-D4EF-4AB6-A2FF-40070ADB2A8F}.Release|x86.Build.0 = Release|Win32
		{3F6261E6-3A3F-44D7-9C95-6DE335BE6F00}.Debug|x64.ActiveCfg = Debug|x64
		{3F6261E6-3A3F-44D7-9C95-6DE335BE6F00}.Debug|x64.Build.0 = Debug|x64
		{3F6261E6-3A3F-44D7-9C95-6DE335BE6F00}.Debug|x86.ActiveCfg = Debug|Win32
		{3F6261E6-3A3F-44D7-9C95-6DE335BE6F00}.Debug|x86.Build.0 = Debug|Win32
		{3F6261E6-3A3F-44D7-9C95-6DE335BE6F00}.Release|x64.ActiveCfg = Release|x64
		{3F6261E6-3A3F-44D7-9C95-6DE335BE6F00}.Release|x64.Build.0 = Release|x64
		{3F6261E6-3A3F-44D7-9C95-6DE335BE6F00}.Release|x86.ActiveCfg = Release|Win32
		{3F6261E6-3A3F-44D7-9C95-6DE335BE6F00}.Release|x86.Build.0 = Release|Win32
		{E857528D-F8EC-4BAD-BDF3-22401CE5C8DB}.Debug|x64.ActiveCfg = Debug|x64
		{E857528D-F8EC-4BAD-BDF3-22401CE5C8DB}.Debug|x64.Build.0 = Debug|x64
		{E857528D-F8EC-4BAD-BDF3-22401CE5C8DB}.Debug|x86.ActiveCfg = Debug|Win32
		{E857528D-F8EC-4BAD-BDF3-22401CE5C8DB}.Debug|x86.Build.0 = Debug|Win32
		{E857528D-F8EC-4BAD-BDF3-22401CE5C8DB}.Release|x64.ActiveCfg = Release|x64
		{E857528D-F8EC-4BAD-BDF3-22401CE5C8DB}.Release|x64.Build.0 = Release|x64
		{E857528D-F8EC-4BAD-BDF3-22401CE5C8DB}.Release|x86.ActiveCfg = Release|Win32
		{E857528D-F8EC-4BAD-BDF3-22401CE5C8DB}.Release|x86.Build.0 = Release|Win32
		{B02FA827-FE6E-45AA-94E7-1B63448D5777}.Debug|x64.ActiveCfg = Debug|x64
		{B02FA827-FE6E-45AA-94E7-1B63448D5777}.Debug|x64.Build.0 = Debug|x64
		{B02FA827-FE6E-45AA-94E7-1B63448D5777}.Debug|x86.ActiveCfg = Debug|Win32
		{B02FA827-FE6E-45AA-94E7-1B63448D5777}.Debug|x86.Build.0 = Debug|Win32
		{B02FA827-FE6E-45AA-94E7-1B63448D5777}.Release|x64.ActiveCfg = Release|x64
		{B02FA827-FE6E-45AA-94E7-1B63448D5777}.Release|x64.Build.0 = Release|x64
		{B02FA827-FE6E-45AA-94E7-1B63448D5777}.Release|x86.ActiveCfg = Release|Win32
		{B02FA827-FE6E-45AA-94E7-1B63448D5777}.Release|x86.Build.0 = Release|Win32
		{E2059EFF-79C3-454C-989B-80E26E064DBB}.Debug|x64.ActiveCfg = Debug|x64
		{E2059EFF-79C3-454C-989B-80E26E064DBB}.Debug|x64.Build.0 = Debug|x64
		{E2059EFF-79C3-454C-989B-80E26E064DBB}.Debug|x86.ActiveCfg = Debug|Win32
		{E2059EFF-79C3-454C-989B-80E26E064DBB}.Debug|x86.Build.0 = Debug|Win32
		{E2059EFF-79C3-454C-989B-80E26E064DBB}.Release|x64.ActiveCfg = Release|x64
		{E2059EFF-79C3-454C-989B-80E26E064DBB}.Release|x64.Build.0 = Release|x64
		{E2059EFF-79C3-454C-989B-80E26E064DBB}.Release|x86.ActiveCfg = Release|Win32
		{E2059EFF-79C3-454C-989B-80E26E064DBB}.Release|x86.Build.0 = Release|Win32
		{27F92375-7577-4B63-BA14-3D6968181C20}.Debug|x64.ActiveCfg = Debug|x64
		{27F92375-7577-4B63-BA14-3D6968181C20}.Debug|x64.Build.0 = Debug|x64
		{27F92375-7577-4B63-BA14-3D6968181C20}.Debug|x86.ActiveCfg = Debug|Win32
		{27F92375-7577-4B63-BA14-3D6968181C20}.Debug|x86.Build.0 = Debug|Win32
		{27F92375-7577-4B63-BA14-3D6968181C20}.Release|x64.ActiveCfg = Release|x64
		{27F92375-7577-4B63-BA14-3D6968181C20}.Release|x64.Build.0 = Release|x64
		{27F92375-7577-4B63-BA14-3D6968181C20}.Release|x86.ActiveCfg = Release|Win32
		{27F92375-7577-4B63-BA14-3D6968181C20}.Release|x86.Build.0 = Release|Win32
		{EEB1B562-13ED-4912-858A-184E622E1535}.Debug|x64.ActiveCfg = Debug|x64
		{EEB1B562-13ED-4912-858A-184E622E1535}.Debug|x64.Build.0 = Debug|x64
		{EEB1B562-13ED-4912-858A-184E622E1535}.Debug|x86.ActiveCfg = Debug|Win32
		{EEB1B562-13ED-4912-858A-184E622E1535}.Debug|x86.Build.0 = Debug|Win32
		{EEB1B562-13ED-4912-858A-184E622E1535}.Release|x64.ActiveCfg = Release|x64
		{EEB1B562-13ED-4912-858A-184E622E1535}.Release|x64.Build.0 = Release|x64
		{EEB1B562-13ED-4912-858A-184E622E1535}.Release|x86.ActiveCfg = Release|Win32
		{EEB1B562-13ED-4912-858A-184E622E1535}.Release|x86.Build.0 = Release|Win32
		{9B038485-8477-4D97-A793-DE73C5860892}.Debug|x64.ActiveCfg = Debug|x64
		{9B038485-8477-4D97-A793-DE73C5860892}.Debug|x64.Build.0 = Debug|x64
		{9B038485-8477-4D97-A793-DE73C5860892}.Debug|x86.ActiveCfg = Debug|Win32
		{9B038485-8477-4D97-A793-DE73C5860892}.Debug|x86.Build.0 = Debug|Win32
		{9B038485-8477-4D97-A793-DE73C5860892}.Release|x64.ActiveCfg = Release|x64
		{9B038485-8477-4D97-A793-DE73C5860892}.Release|x64.Build.0 = Release|x64
		{9B038485-8477-4D97-A793-DE73C5860892}.Release|x86.ActiveCfg = Release|Win32
		{9B038485-8477-4D97-A793-DE73C5860892}.Release|x86.Build.0 = Release|Win32
		{1CFE8CB1-EA56-4057-9E42-0D424D49B0EA}.Debug|x64.ActiveCfg = Debug|x64
		{1CFE8CB1-EA56-4057-9E42-0D424D49B0EA}.Debug|x64.Build.0 = Debug|x64
		{1CFE8CB1-EA56-4057-9E42-0D424D49B0EA}.Debug|x86.ActiveCfg = Debug|Win32
		{1CFE8CB1-EA56-4057-9E42-0D424D49B0EA}.Debug|x86.Build.0 = Debug|Win32
		{1CFE8CB1-EA56-4057-9E42-0D424D49B0EA}.Release|x64.ActiveCfg = Release|x64
		{1CFE8CB1-EA56-4057-9E42-0D424D49B0EA}.Release|x64.Build.0 = Release|x64
		{1CFE8CB1-EA56-4057-9E42-0D424D49B0EA}.Release|x86.ActiveCfg = Release|Win32
		{1CFE8CB1-EA56-4057-9E42-0D424D49B0EA}.Release|x86.Build.0 = Release|Win32
		{DA2F3D7C-B54E-43CA-B13D-901179490FB4}.Debug|x64.ActiveCfg = Debug|x64
		{DA2F3D7C-B54E-43CA-B13D-901179490FB4}.Debug|x64.Build.0 = Debug|x64
		{DA2F3D7C-B54E-43CA-B13D-901179490FB4}.Debug|x86.ActiveCfg = Debug|Win32
		{DA2F3D7C-B54E-43CA-B13D-901179490FB4}.Debug|x86.Build.0 = Debug|Win32
		{DA2F3D7C-B54E-43CA-B13D-901179490FB4}.Release|x64.ActiveCfg = Release|x64
		{DA2F3D7C-B54E-43CA-B13D-901179490FB4}.Release|x64.Build.0 = Release|x64
		{DA2F3D7C-B54E-43CA-B13D-901179490FB4}.Release|x86.ActiveCfg = Release|Win32
		{DA2F3D7C-B54E-43CA-B13D-901179490FB4}.Release|x86.Build.0 = Release|Win32
		{A298C59C-B5EF-4240-86A7-6BA8F4A07BB6}.Debug|x64.ActiveCfg = Debug|x64
		{A298C59C-B5EF-4240-86A7-6BA8F4A07BB6}.Debug|x64.Build.0 = Debug|x64
		{A298C59C-B5EF-4240-86A7-6BA8F4A07BB6}.Debug|x86.ActiveCfg = Debug|Win32
		{A298C59C-B5EF-4240-86A7-6BA8F4A07BB6}.Debug|x86.Build.0 = Debug|Win32
		{A298C59C-B5EF-4240-86A7-6BA8F4A07BB6}.Release|x64.ActiveCfg = Release|x64
		{A298C59C-B5EF-4240-86A7-6BA8F4A07BB6}.Release|x64.Build.0 = Release|x64
		{A298C59C-B5EF-4240-86A7-6BA8F4A07BB6}.Release|x86.ActiveCfg = Release|Win32
		{A298C59C-B5EF-4240-86A7-6BA8F4A07BB6}.Release|x86.Build.0 = Release|Win32
		{C5BA19A5-21DF-4078-95C4-735E4E45B348}.Debug|x64.ActiveCfg = Debug|x64
		{C5BA19A5-21DF-4078-95C4-735E4E45B348}.Debug|x64.Build.0 = Debug|x64
		{C5BA19A5-21DF-4078-95C4-735E4E45B348}.Debug|x86.ActiveCfg = Debug|Win32
		{C5BA19A5-21DF-4078-95C4-735E4E45B348}.Debug|x86.Build.0 = Debug|Win32
		{C5BA19A5-21DF-4078-95C4-735E4E45B348}.Release|x64.ActiveCfg = Release|x64
		{C5BA19A5-21DF-4078-95C4-735E4E45B348}.Release|x64.Build.0 = Release|x64
		{C5BA19A5-21DF-4078-95C4-735E4E45B348}.Release|x86.ActiveCfg = Release|Win32
		{C5BA19A5-21DF-4078-95C4-735E4E45B348}.Release|x86.Build.0 = Release|Win32
		{69DBB0E9-A94C-44CA-9C04-12EFD9109EC7}.Debug|x64.ActiveCfg = Debug|x64
		{69DBB0E9-A94C-44CA-9C04-12EFD9109EC7}.Debug|x64.Build.0 = Debug|x64
		{69DBB0E9-A94C-44CA-9C04-12EFD9109EC7}.Debug|x86.ActiveCfg = Debug|Win32
		{69DBB0E9-A94C-44CA-9C04-12EFD9109EC7}.Debug|x86.Build.0 = Debug|Win32
		{69DBB0E9-A94C-44CA-9C04-12EFD9109EC7}.Release|x64.ActiveCfg = Release|x64
		{69DBB0E9-A94C-44CA-9C04-12EFD9109EC7}.Release|x64.Build.0 = Release|x64
		{69DBB0E9-A94C-44CA-9C04-12EFD9109EC7}.Release|x86.ActiveCfg = Release|Win32
		{69DBB0E9-A94C-44CA-9C04-12EFD9109EC7}.Release|x86.Build.0 = Release|Win32
	EndGlobalSection
	GlobalSection(SolutionProperties) = preSolution
		HideSolutionNode = FALSE
	EndGlobalSection
	GlobalSection(NestedProjects) = preSolution
		{FA791770-E120-4E57-BF27-C00DFF212DF3} = {0F7AC885-1C01-4861-B6FC-73B98302C497}
		{F3FDE078-7F92-479F-8DFF-AB2FC46F7B01} = {6EEC703E-49AA-4AA0-BF8C-B47818530B63}
		{0F7AC885-1C01-4861-B6FC-73B98302C497} = {B49F3A48-C5D8-4B7C-8BC4-154050600A7D}
		{6EEC703E-49AA-4AA0-BF8C-B47818530B63} = {0F7AC885-1C01-4861-B6FC-73B98302C497}
		{1065FCED-4C8E-4922-B341-B38D59325BD2} = {B49F3A48-C5D8-4B7C-8BC4-154050600A7D}
		{E209C64C-7666-4419-B5BF-EE4A724E7E56} = {1065FCED-4C8E-4922-B341-B38D59325BD2}
		{3489A41A-D4EF-4AB6-A2FF-40070ADB2A8F} = {1065FCED-4C8E-4922-B341-B38D59325BD2}
		{3F6261E6-3A3F-44D7-9C95-6DE335BE6F00} = {E209C64C-7666-4419-B5BF-EE4A724E7E56}
		{E857528D-F8EC-4BAD-BDF3-22401CE5C8DB} = {E209C64C-7666-4419-B5BF-EE4A724E7E56}
		{B02FA827-FE6E-45AA-94E7-1B63448D5777} = {E209C64C-7666-4419-B5BF-EE4A724E7E56}
		{E2059EFF-79C3-454C-989B-80E26E064DBB} = {6EEC703E-49AA-4AA0-BF8C-B47818530B63}
		{27F92375-7577-4B63-BA14-3D6968181C20} = {6EEC703E-49AA-4AA0-BF8C-B47818530B63}
		{EEB1B562-13ED-4912-858A-184E622E1535} = {6EEC703E-49AA-4AA0-BF8C-B47818530B63}
		{9B038485-8477-4D97-A793-DE73C5860892} = {6EEC703E-49AA-4AA0-BF8C-B47818530B63}
		{1CFE8CB1-EA56-4057-9E42-0D424D49B0EA} = {6EEC703E-49AA-4AA0-BF8C-B47818530B63}
		{ED4AFE88-6150-4AA6-AE99-ED9A9C15EE47} = {B49F3A48-C5D8-4B7C-8BC4-154050600A7D}
		{457CE805-F651-4B12-8D3B-D18FBAF2A9D5} = {ED4AFE88-6150-4AA6-AE99-ED9A9C15EE47}
		{DA2F3D7C-B54E-43CA-B13D-901179490FB4} = {ED4AFE88-6150-4AA6-AE99-ED9A9C15EE47}
		{E34F6E3D-F298-4171-B105-A23D7DA4D75A} = {B49F3A48-C5D8-4B7C-8BC4-154050600A7D}
		{125BD411-3FF8-42A8-B972-C9D5B04FF75B} = {E34F6E3D-F298-4171-B105-A23D7DA4D75A}
		{A298C59C-B5EF-4240-86A7-6BA8F4A07BB6} = {E34F6E3D-F298-4171-B105-A23D7DA4D75A}
		{C5BA19A5-21DF-4078-95C4-735E4E45B348} = {457CE805-F651-4B12-8D3B-D18FBAF2A9D5}
		{464059EC-E5CD-4F6E-B916-BB3BB4A7933D} = {B49F3A48-C5D8-4B7C-8BC4-154050600A7D}
		{5CEB310A-0FA2-4A61-8BB9-EFD13ED49D0B} = {B49F3A48-C5D8-4B7C-8BC4-154050600A7D}
		{D78E8F36-3833-49CC-8F90-325747138B00} = {B49F3A48-C5D8-4B7C-8BC4-154050600A7D}
		{69DBB0E9-A94C-44CA-9C04-12EFD9109EC7} = {464059EC-E5CD-4F6E-B916-BB3BB4A7933D}
	EndGlobalSection
EndGlobal
