<?xml version="1.0" encoding="utf-8"?>
<Project ToolsVersion="4.0" xmlns="http://schemas.microsoft.com/developer/msbuild/2003">
  <ItemGroup>
    <Filter Include="Source Files">
      <UniqueIdentifier>{4FC737F1-C7A5-4376-A066-2A32D752A2FF}</UniqueIdentifier>
      <Extensions>cpp;c;cc;cxx;def;odl;idl;hpj;bat;asm;asmx</Extensions>
    </Filter>
    <Filter Include="Header Files">
      <UniqueIdentifier>{93995380-89BD-4b04-88EB-625FBE52EBFB}</UniqueIdentifier>
      <Extensions>h;hh;hpp;hxx;hm;inl;inc;xsd</Extensions>
    </Filter>
    <Filter Include="Resource Files">
      <UniqueIdentifier>{67DA6AB6-F800-4c08-8B7A-83BB121AAD01}</UniqueIdentifier>
      <Extensions>rc;ico;cur;bmp;dlg;rc2;rct;bin;rgs;gif;jpg;jpeg;jpe;resx;tiff;tif;png;wav;mfcribbon-ms</Extensions>
    </Filter>
  </ItemGroup>
  <ItemGroup>
    <ClCompile Include="src\vsx_compression_lzham.cpp">
      <Filter>Source Files</Filter>
    </ClCompile>
    <ClCompile Include="src\vsx_compression_lzma.cpp">
      <Filter>Source Files</Filter>
    </ClCompile>
    <ClCompile Include="src\vsx_compression_lzma_old.cpp">
      <Filter>Source Files</Filter>
    </ClCompile>
    <ClCompile Include="thirdparty\lzham-sdk\lzhamlib\lzham_lib.cpp">
      <Filter>Source Files</Filter>
    </ClCompile>
    <ClCompile Include="thirdparty\lzham-sdk\lzhamdecomp\lzham_assert.cpp">
      <Filter>Source Files</Filter>
    </ClCompile>
    <ClCompile Include="thirdparty\lzham-sdk\lzhamdecomp\lzham_checksum.cpp">
      <Filter>Source Files</Filter>
    </ClCompile>
    <ClCompile Include="thirdparty\lzham-sdk\lzhamdecomp\lzham_huffman_codes.cpp">
      <Filter>Source Files</Filter>
    </ClCompile>
    <ClCompile Include="thirdparty\lzham-sdk\lzhamdecomp\lzham_lzdecompbase.cpp">
      <Filter>Source Files</Filter>
    </ClCompile>
    <ClCompile Include="thirdparty\lzham-sdk\lzhamdecomp\lzham_mem.cpp">
      <Filter>Source Files</Filter>
    </ClCompile>
    <ClCompile Include="thirdparty\lzham-sdk\lzhamdecomp\lzham_platform.cpp">
      <Filter>Source Files</Filter>
    </ClCompile>
    <ClCompile Include="thirdparty\lzham-sdk\lzhamdecomp\lzham_prefix_coding.cpp">
      <Filter>Source Files</Filter>
    </ClCompile>
    <ClCompile Include="thirdparty\lzham-sdk\lzhamdecomp\lzham_symbol_codec.cpp">
      <Filter>Source Files</Filter>
    </ClCompile>
    <ClCompile Include="thirdparty\lzham-sdk\lzhamdecomp\lzham_timer.cpp">
      <Filter>Source Files</Filter>
    </ClCompile>
    <ClCompile Include="thirdparty\lzham-sdk\lzhamdecomp\lzham_vector.cpp">
      <Filter>Source Files</Filter>
    </ClCompile>
    <ClCompile Include="thirdparty\lzham-sdk\lzhamdecomp\lzham_lzdecomp.cpp">
      <Filter>Source Files</Filter>
    </ClCompile>
    <ClCompile Include="thirdparty\lzham-sdk\lzhamcomp\lzham_lzbase.cpp">
      <Filter>Source Files</Filter>
    </ClCompile>
    <ClCompile Include="thirdparty\lzham-sdk\lzhamcomp\lzham_lzcomp.cpp">
      <Filter>Source Files</Filter>
    </ClCompile>
    <ClCompile Include="thirdparty\lzham-sdk\lzhamcomp\lzham_lzcomp_internal.cpp">
      <Filter>Source Files</Filter>
    </ClCompile>
    <ClCompile Include="thirdparty\lzham-sdk\lzhamcomp\lzham_lzcomp_state.cpp">
      <Filter>Source Files</Filter>
    </ClCompile>
    <ClCompile Include="thirdparty\lzham-sdk\lzhamcomp\lzham_match_accel.cpp">
      <Filter>Source Files</Filter>
    </ClCompile>
    <ClCompile Include="thirdparty\lzma-old\Common\StringConvert.cpp">
      <Filter>Source Files</Filter>
    </ClCompile>
    <ClCompile Include="thirdparty\lzma-old\Common\StringToInt.cpp">
      <Filter>Source Files</Filter>
    </ClCompile>
    <ClCompile Include="thirdparty\lzma-old\Common\CRC.cpp">
      <Filter>Source Files</Filter>
    </ClCompile>
    <ClCompile Include="thirdparty\lzma-old\Common\String.cpp">
      <Filter>Source Files</Filter>
    </ClCompile>
    <ClCompile Include="thirdparty\lzma-old\Common\Vector.cpp">
      <Filter>Source Files</Filter>
    </ClCompile>
    <ClCompile Include="thirdparty\lzma-old\7zip\Common\OutBuffer.cpp">
      <Filter>Source Files</Filter>
    </ClCompile>
    <ClCompile Include="thirdparty\lzma-old\7zip\Common\InBuffer.cpp">
      <Filter>Source Files</Filter>
    </ClCompile>
    <ClCompile Include="thirdparty\lzma-old\7zip\Common\StreamUtils.cpp">
      <Filter>Source Files</Filter>
    </ClCompile>
    <ClCompile Include="thirdparty\lzma-old\7zip\Compress\LZMA\LZMADecoder.cpp">
      <Filter>Source Files</Filter>
    </ClCompile>
    <ClCompile Include="thirdparty\lzma-old\7zip\Compress\LZMA\LZMAEncoder.cpp">
      <Filter>Source Files</Filter>
    </ClCompile>
    <ClCompile Include="thirdparty\lzma-old\7zip\Compress\LZ\LZInWindow.cpp">
      <Filter>Source Files</Filter>
    </ClCompile>
    <ClCompile Include="thirdparty\lzma-old\7zip\Compress\LZ\LZOutWindow.cpp">
      <Filter>Source Files</Filter>
    </ClCompile>
    <ClCompile Include="thirdparty\lzma-old\7zip\Compress\RangeCoder\RangeCoderBit.cpp">
      <Filter>Source Files</Filter>
    </ClCompile>
    <ClCompile Include="thirdparty\lzma-old\LzmaRam.cpp">
      <Filter>Source Files</Filter>
    </ClCompile>
    <ClCompile Include="thirdparty\lzma-old\7zip\Compress\LZMA_C\LzmaDecode.c">
      <Filter>Source Files</Filter>
    </ClCompile>
    <ClCompile Include="thirdparty\lzma-old\7zip\Compress\Branch\BranchX86.c">
      <Filter>Source Files</Filter>
    </ClCompile>
    <ClCompile Include="thirdparty\lzma-old\LzmaRamDecode.c">
      <Filter>Source Files</Filter>
    </ClCompile>
    <ClCompile Include="thirdparty\lzma-sdk\C\Alloc.c">
      <Filter>Source Files</Filter>
    </ClCompile>
    <ClCompile Include="thirdparty\lzma-sdk\C\LzmaLib.c">
      <Filter>Source Files</Filter>
    </ClCompile>
    <ClCompile Include="thirdparty\lzma-sdk\C\LzmaEnc.c">
      <Filter>Source Files</Filter>
    </ClCompile>
    <ClCompile Include="thirdparty\lzma-sdk\C\LzmaDec.c">
      <Filter>Source Files</Filter>
    </ClCompile>
    <ClCompile Include="thirdparty\lzma-sdk\C\LzFind.c">
      <Filter>Source Files</Filter>
    </ClCompile>
    <ClCompile Include="thirdparty\lzma-old\Common\Alloc_.cpp">
      <Filter>Source Files</Filter>
    </ClCompile>
    <ClCompile Include="thirdparty\lzma-sdk\C\LzFindMt.c">
      <Filter>Source Files</Filter>
    </ClCompile>
  </ItemGroup>
  <ItemGroup>
    <ClInclude Include="include\vsx_compression_lzham.h">
      <Filter>Header Files</Filter>
    </ClInclude>
    <ClInclude Include="include\vsx_compression_lzma.h">
      <Filter>Header Files</Filter>
    </ClInclude>
    <ClInclude Include="include\vsx_compression_lzma_old.h">
      <Filter>Header Files</Filter>
    </ClInclude>
    <ClInclude Include="thirdparty\lzham-sdk\lzhamdecomp\lzham_assert.h">
      <Filter>Header Files</Filter>
    </ClInclude>
    <ClInclude Include="thirdparty\lzham-sdk\lzhamdecomp\lzham_checksum.h">
      <Filter>Header Files</Filter>
    </ClInclude>
    <ClInclude Include="thirdparty\lzham-sdk\lzhamdecomp\lzham_config.h">
      <Filter>Header Files</Filter>
    </ClInclude>
    <ClInclude Include="thirdparty\lzham-sdk\lzhamdecomp\lzham_core.h">
      <Filter>Header Files</Filter>
    </ClInclude>
    <ClInclude Include="thirdparty\lzham-sdk\lzhamdecomp\lzham_decomp.h">
      <Filter>Header Files</Filter>
    </ClInclude>
    <ClInclude Include="thirdparty\lzham-sdk\lzhamdecomp\lzham_helpers.h">
      <Filter>Header Files</Filter>
    </ClInclude>
    <ClInclude Include="thirdparty\lzham-sdk\lzhamdecomp\lzham_huffman_codes.h">
      <Filter>Header Files</Filter>
    </ClInclude>
    <ClInclude Include="thirdparty\lzham-sdk\lzhamdecomp\lzham_lzdecompbase.h">
      <Filter>Header Files</Filter>
    </ClInclude>
    <ClInclude Include="thirdparty\lzham-sdk\lzhamdecomp\lzham_math.h">
      <Filter>Header Files</Filter>
    </ClInclude>
    <ClInclude Include="thirdparty\lzham-sdk\lzhamdecomp\lzham_mem.h">
      <Filter>Header Files</Filter>
    </ClInclude>
    <ClInclude Include="thirdparty\lzham-sdk\lzhamdecomp\lzham_platform.h">
      <Filter>Header Files</Filter>
    </ClInclude>
    <ClInclude Include="thirdparty\lzham-sdk\lzhamdecomp\lzham_prefix_coding.h">
      <Filter>Header Files</Filter>
    </ClInclude>
    <ClInclude Include="thirdparty\lzham-sdk\lzhamdecomp\lzham_symbol_codec.h">
      <Filter>Header Files</Filter>
    </ClInclude>
    <ClInclude Include="thirdparty\lzham-sdk\lzhamdecomp\lzham_timer.h">
      <Filter>Header Files</Filter>
    </ClInclude>
    <ClInclude Include="thirdparty\lzham-sdk\lzhamdecomp\lzham_traits.h">
      <Filter>Header Files</Filter>
    </ClInclude>
    <ClInclude Include="thirdparty\lzham-sdk\lzhamdecomp\lzham_types.h">
      <Filter>Header Files</Filter>
    </ClInclude>
    <ClInclude Include="thirdparty\lzham-sdk\lzhamdecomp\lzham_utils.h">
      <Filter>Header Files</Filter>
    </ClInclude>
    <ClInclude Include="thirdparty\lzham-sdk\lzhamdecomp\lzham_vector.h">
      <Filter>Header Files</Filter>
    </ClInclude>
    <ClInclude Include="thirdparty\lzham-sdk\lzhamcomp\lzham_comp.h">
      <Filter>Header Files</Filter>
    </ClInclude>
    <ClInclude Include="thirdparty\lzham-sdk\lzhamcomp\lzham_lzbase.h">
      <Filter>Header Files</Filter>
    </ClInclude>
    <ClInclude Include="thirdparty\lzham-sdk\lzhamcomp\lzham_lzcomp_internal.h">
      <Filter>Header Files</Filter>
    </ClInclude>
    <ClInclude Include="thirdparty\lzham-sdk\lzhamcomp\lzham_match_accel.h">
      <Filter>Header Files</Filter>
    </ClInclude>
    <ClInclude Include="thirdparty\lzham-sdk\lzhamcomp\lzham_null_threading.h">
      <Filter>Header Files</Filter>
    </ClInclude>
    <ClInclude Include="thirdparty\lzham-sdk\lzhamcomp\lzham_threading.h">
      <Filter>Header Files</Filter>
    </ClInclude>
  </ItemGroup>
</Project>