Microsoft Visual Studio Solution File, Format Version 8.00
Project("{8BC9CEB8-8B4A-11D0-8D11-00A0C91BC942}") = "3d", "3d\3d.vcproj", "{6498C324-DF72-4471-A3F3-7D63F13AAEAB}"
	ProjectSection(ProjectDependencies) = postProject
	EndProjectSection
EndProject
Project("{8BC9CEB8-8B4A-11D0-8D11-00A0C91BC942}") = "dsppluginviewer", "dsppluginviewer\dsppluginviewer.vcproj", "{29B076D6-7059-4AE7-BB52-A5F5CF9B785A}"
	ProjectSection(ProjectDependencies) = postProject
	EndProjectSection
EndProject
Project("{8BC9CEB8-8B4A-11D0-8D11-00A0C91BC942}") = "effects", "effects\effects.vcproj", "{B7A72759-A655-4037-B3F0-268780EEA8E3}"
	ProjectSection(ProjectDependencies) = postProject
	EndProjectSection
EndProject
Project("{8BC9CEB8-8B4A-11D0-8D11-00A0C91BC942}") = "generatetone", "generatetone\generatetone.vcproj", "{59D00C95-3CD6-47A9-B479-0676D5509433}"
	ProjectSection(ProjectDependencies) = postProject
	EndProjectSection
EndProject
Project("{8BC9CEB8-8B4A-11D0-8D11-00A0C91BC942}") = "geometry", "geometry\geometry.vcproj", "{C57FF242-7DE8-4C88-9E6E-5F96CAA69DEA}"
	ProjectSection(ProjectDependencies) = postProject
	EndProjectSection
EndProject
Project("{8BC9CEB8-8B4A-11D0-8D11-00A0C91BC942}") = "multiplesoundcard", "multiplesoundcard\multiplesoundcard.vcproj", "{BA0F4DE4-7A97-470A-B032-BCA269AE2CC7}"
	ProjectSection(ProjectDependencies) = postProject
	EndProjectSection
EndProject
Project("{8BC9CEB8-8B4A-11D0-8D11-00A0C91BC942}") = "multispeakeroutput", "multispeakeroutput\multispeakeroutput.vcproj", "{D3982AB7-4786-466B-A3AC-B67CDDEB289F}"
	ProjectSection(ProjectDependencies) = postProject
	EndProjectSection
EndProject
Project("{8BC9CEB8-8B4A-11D0-8D11-00A0C91BC942}") = "netstream", "netstream\netstream.vcproj", "{FE3D343A-8A87-406C-AB56-27AB5EEAC334}"
	ProjectSection(ProjectDependencies) = postProject
	EndProjectSection
EndProject
Project("{8BC9CEB8-8B4A-11D0-8D11-00A0C91BC942}") = "pitchdetection", "pitchdetection\pitchdetection.vcproj", "{7AB758A5-A31F-4C63-AD48-2C3A2BDB5E7B}"
	ProjectSection(ProjectDependencies) = postProject
	EndProjectSection
EndProject
Project("{8BC9CEB8-8B4A-11D0-8D11-00A0C91BC942}") = "playsound", "playsound\playsound.vcproj", "{49A7B1E7-5778-4118-9156-FC02CF3BAEDF}"
	ProjectSection(ProjectDependencies) = postProject
	EndProjectSection
EndProject
Project("{8BC9CEB8-8B4A-11D0-8D11-00A0C91BC942}") = "playstream", "playstream\playstream.vcproj", "{DD67D307-63ED-43F2-B192-719D4271C173}"
	ProjectSection(ProjectDependencies) = postProject
	EndProjectSection
EndProject
Project("{8BC9CEB8-8B4A-11D0-8D11-00A0C91BC942}") = "codec_raw", "plugin_dev\codec_raw\codec_raw.vcproj", "{7878ACC5-9604-4747-A7A2-1CE8F2DEFAD5}"
	ProjectSection(ProjectDependencies) = postProject
	EndProjectSection
EndProject
Project("{8BC9CEB8-8B4A-11D0-8D11-00A0C91BC942}") = "dsp_gain", "plugin_dev\dsp_gain\dsp_gain.vcproj", "{8888D0FF-9AA8-4868-95F3-04888847DB8D}"
	ProjectSection(ProjectDependencies) = postProject
	EndProjectSection
EndProject
Project("{8BC9CEB8-8B4A-11D0-8D11-00A0C91BC942}") = "output_mp3", "plugin_dev\output_mp3\output_mp3.vcproj", "{20F9CCBB-F6F2-4E1F-A60B-CCF9BB47014C}"
	ProjectSection(ProjectDependencies) = postProject
	EndProjectSection
EndProject
Project("{8BC9CEB8-8B4A-11D0-8D11-00A0C91BC942}") = "readtags", "readtags\readtags.vcproj", "{95CD6459-3DE7-4FCE-87FC-E9C76335BD5A}"
	ProjectSection(ProjectDependencies) = postProject
	EndProjectSection
EndProject
Project("{8BC9CEB8-8B4A-11D0-8D11-00A0C91BC942}") = "recording", "recording\recording.vcproj", "{740F226A-E311-4D34-9F52-3503EE826166}"
	ProjectSection(ProjectDependencies) = postProject
	EndProjectSection
EndProject
Project("{8BC9CEB8-8B4A-11D0-8D11-00A0C91BC942}") = "ripnetstream", "ripnetstream\ripnetstream.vcproj", "{D1BAFB57-4160-479C-8A03-AE22B8EBD468}"
	ProjectSection(ProjectDependencies) = postProject
	EndProjectSection
EndProject
Project("{8BC9CEB8-8B4A-11D0-8D11-00A0C91BC942}") = "useplugins", "useplugins\useplugins.vcproj", "{DABB979A-0867-4985-B224-6E3B0A5E1936}"
	ProjectSection(ProjectDependencies) = postProject
	EndProjectSection
EndProject
Project("{8BC9CEB8-8B4A-11D0-8D11-00A0C91BC942}") = "usercreatedsound", "usercreatedsound\usercreatedsound.vcproj", "{AD5C00C7-4713-476B-832A-019B169FFCBC}"
	ProjectSection(ProjectDependencies) = postProject
	EndProjectSection
EndProject
Project("{8BC9CEB8-8B4A-11D0-8D11-00A0C91BC942}") = "virtualvoices", "virtualvoices\virtualvoices.vcproj", "{F9228E63-B95B-4FCB-A547-D7E12D9712D6}"
	ProjectSection(ProjectDependencies) = postProject
	EndProjectSection
EndProject
Project("{8BC9CEB8-8B4A-11D0-8D11-00A0C91BC942}") = "cdplayer", "cdplayer\cdplayer.vcproj", "{14A931A0-FE88-45D3-A65C-E32E5F2AB36E}"
	ProjectSection(ProjectDependencies) = postProject
	EndProjectSection
EndProject
Project("{8BC9CEB8-8B4A-11D0-8D11-00A0C91BC942}") = "realtimestitching", "realtimestitching\realtimestitching.vcproj", "{95CD6459-3DE7-4FCE-87FC-E9C76335BD5A}"
	ProjectSection(ProjectDependencies) = postProject
	EndProjectSection
EndProject
Project("{8BC9CEB8-8B4A-11D0-8D11-00A0C91BC942}") = "playlist", "playlist\playlist.vcproj", "{83B2EE79-BA41-42E1-8F2E-1F78E130272B}"
	ProjectSection(ProjectDependencies) = postProject
	EndProjectSection
EndProject
Project("{8BC9CEB8-8B4A-11D0-8D11-00A0C91BC942}") = "submixing", "submixing\submixing.vcproj", "{46A5FACC-6F1E-4DF8-AF43-DBBD4EFBBF20}"
	ProjectSection(ProjectDependencies) = postProject
	EndProjectSection
EndProject
Project("{8BC9CEB8-8B4A-11D0-8D11-00A0C91BC942}") = "channelgroups", "channelgroups\channelgroups.vcproj", "{2A0D96B2-A7EE-45FF-B740-2A3A0EDD7D1A}"
	ProjectSection(ProjectDependencies) = postProject
	EndProjectSection
EndProject
Project("{8BC9CEB8-8B4A-11D0-8D11-00A0C91BC942}") = "dsp_effectperspeaker", "dsp_effectperspeaker\dsp_effectperspeaker.vcproj", "{46A5FACC-6F1E-4DF8-AF43-DBBD4EFBBF20}"
	ProjectSection(ProjectDependencies) = postProject
	EndProjectSection
EndProject
Project("{8BC9CEB8-8B4A-11D0-8D11-00A0C91BC942}") = "loadfrommemory", "loadfrommemory\loadfrommemory.vcproj", "{49A7B1E7-5778-4118-9156-FC02CF3BAEDF}"
	ProjectSection(ProjectDependencies) = postProject
	EndProjectSection
EndProject
Project("{8BC9CEB8-8B4A-11D0-8D11-00A0C91BC942}") = "filecallbacks", "filecallbacks\filecallbacks.vcproj", "{DD67D307-63ED-43F2-B192-719D4271C173}"
	ProjectSection(ProjectDependencies) = postProject
	EndProjectSection
EndProject
Project("{8BC9CEB8-8B4A-11D0-8D11-00A0C91BC942}") = "recordtodisk", "recordtodisk\recordtodisk.vcproj", "{740F226A-E311-4D34-9F52-3503EE826166}"
	ProjectSection(ProjectDependencies) = postProject
	EndProjectSection
EndProject
Project("{8BC9CEB8-8B4A-11D0-8D11-00A0C91BC942}") = "offlinedecoding", "offlinedecoding\offlinedecoding.vcproj", "{DD67D307-63ED-43F2-B192-719D4271C173}"
	ProjectSection(ProjectDependencies) = postProject
	EndProjectSection
EndProject
Project("{8BC9CEB8-8B4A-11D0-8D11-00A0C91BC942}") = "fsb", "fsb\fsb.vcproj", "{49A7B1E7-5778-4118-9156-FC02CF3BAEDF}"
	ProjectSection(ProjectDependencies) = postProject
	EndProjectSection
EndProject
Project("{8BC9CEB8-8B4A-11D0-8D11-00A0C91BC942}") = "dsp_custom", "dsp_custom\dsp_custom.vcproj", "{46A5FACC-6F1E-4DF8-AF43-DBBD4EFBBF20}"
	ProjectSection(ProjectDependencies) = postProject
	EndProjectSection
EndProject
Project("{8BC9CEB8-8B4A-11D0-8D11-00A0C91BC942}") = "soundgroups", "soundgroups\soundgroups.vcproj", "{F66862EA-6295-4957-9EC4-2C13F17579B7}"
	ProjectSection(ProjectDependencies) = postProject
	EndProjectSection
EndProject
Global
	GlobalSection(SolutionConfiguration) = preSolution
		Debug = Debug
		Debug C = Debug C
		Profile = Profile
		Profile_FastCap = Profile_FastCap
		Release = Release
		Release C = Release C
		Release_LTCG = Release_LTCG
	EndGlobalSection
	GlobalSection(ProjectConfiguration) = postSolution
		{6498C324-DF72-4471-A3F3-7D63F13AAEAB}.Debug.ActiveCfg = Debug|Win32
		{6498C324-DF72-4471-A3F3-7D63F13AAEAB}.Debug.Build.0 = Debug|Win32
		{6498C324-DF72-4471-A3F3-7D63F13AAEAB}.Debug C.ActiveCfg = Debug C|Win32
		{6498C324-DF72-4471-A3F3-7D63F13AAEAB}.Debug C.Build.0 = Debug C|Win32
		{6498C324-DF72-4471-A3F3-7D63F13AAEAB}.Profile.ActiveCfg = Release C|Win32
		{6498C324-DF72-4471-A3F3-7D63F13AAEAB}.Profile.Build.0 = Release C|Win32
		{6498C324-DF72-4471-A3F3-7D63F13AAEAB}.Profile_FastCap.ActiveCfg = Release C|Win32
		{6498C324-DF72-4471-A3F3-7D63F13AAEAB}.Profile_FastCap.Build.0 = Release C|Win32
		{6498C324-DF72-4471-A3F3-7D63F13AAEAB}.Release.ActiveCfg = Release|Win32
		{6498C324-DF72-4471-A3F3-7D63F13AAEAB}.Release.Build.0 = Release|Win32
		{6498C324-DF72-4471-A3F3-7D63F13AAEAB}.Release C.ActiveCfg = Release C|Win32
		{6498C324-DF72-4471-A3F3-7D63F13AAEAB}.Release C.Build.0 = Release C|Win32
		{6498C324-DF72-4471-A3F3-7D63F13AAEAB}.Release_LTCG.ActiveCfg = Release C|Win32
		{6498C324-DF72-4471-A3F3-7D63F13AAEAB}.Release_LTCG.Build.0 = Release C|Win32
		{29B076D6-7059-4AE7-BB52-A5F5CF9B785A}.Debug.ActiveCfg = Debug|Win32
		{29B076D6-7059-4AE7-BB52-A5F5CF9B785A}.Debug.Build.0 = Debug|Win32
		{29B076D6-7059-4AE7-BB52-A5F5CF9B785A}.Debug C.ActiveCfg = Debug|Win32
		{29B076D6-7059-4AE7-BB52-A5F5CF9B785A}.Debug C.Build.0 = Debug|Win32
		{29B076D6-7059-4AE7-BB52-A5F5CF9B785A}.Profile.ActiveCfg = Release|Win32
		{29B076D6-7059-4AE7-BB52-A5F5CF9B785A}.Profile.Build.0 = Release|Win32
		{29B076D6-7059-4AE7-BB52-A5F5CF9B785A}.Profile_FastCap.ActiveCfg = Release|Win32
		{29B076D6-7059-4AE7-BB52-A5F5CF9B785A}.Profile_FastCap.Build.0 = Release|Win32
		{29B076D6-7059-4AE7-BB52-A5F5CF9B785A}.Release.ActiveCfg = Release|Win32
		{29B076D6-7059-4AE7-BB52-A5F5CF9B785A}.Release.Build.0 = Release|Win32
		{29B076D6-7059-4AE7-BB52-A5F5CF9B785A}.Release C.ActiveCfg = Release|Win32
		{29B076D6-7059-4AE7-BB52-A5F5CF9B785A}.Release C.Build.0 = Release|Win32
		{29B076D6-7059-4AE7-BB52-A5F5CF9B785A}.Release_LTCG.ActiveCfg = Release|Win32
		{29B076D6-7059-4AE7-BB52-A5F5CF9B785A}.Release_LTCG.Build.0 = Release|Win32
		{B7A72759-A655-4037-B3F0-268780EEA8E3}.Debug.ActiveCfg = Debug|Win32
		{B7A72759-A655-4037-B3F0-268780EEA8E3}.Debug.Build.0 = Debug|Win32
		{B7A72759-A655-4037-B3F0-268780EEA8E3}.Debug C.ActiveCfg = Debug C|Win32
		{B7A72759-A655-4037-B3F0-268780EEA8E3}.Debug C.Build.0 = Debug C|Win32
		{B7A72759-A655-4037-B3F0-268780EEA8E3}.Profile.ActiveCfg = Release C|Win32
		{B7A72759-A655-4037-B3F0-268780EEA8E3}.Profile.Build.0 = Release C|Win32
		{B7A72759-A655-4037-B3F0-268780EEA8E3}.Profile_FastCap.ActiveCfg = Release C|Win32
		{B7A72759-A655-4037-B3F0-268780EEA8E3}.Profile_FastCap.Build.0 = Release C|Win32
		{B7A72759-A655-4037-B3F0-268780EEA8E3}.Release.ActiveCfg = Release|Win32
		{B7A72759-A655-4037-B3F0-268780EEA8E3}.Release.Build.0 = Release|Win32
		{B7A72759-A655-4037-B3F0-268780EEA8E3}.Release C.ActiveCfg = Release C|Win32
		{B7A72759-A655-4037-B3F0-268780EEA8E3}.Release C.Build.0 = Release C|Win32
		{B7A72759-A655-4037-B3F0-268780EEA8E3}.Release_LTCG.ActiveCfg = Release C|Win32
		{B7A72759-A655-4037-B3F0-268780EEA8E3}.Release_LTCG.Build.0 = Release C|Win32
		{59D00C95-3CD6-47A9-B479-0676D5509433}.Debug.ActiveCfg = Debug|Win32
		{59D00C95-3CD6-47A9-B479-0676D5509433}.Debug.Build.0 = Debug|Win32
		{59D00C95-3CD6-47A9-B479-0676D5509433}.Debug C.ActiveCfg = Debug C|Win32
		{59D00C95-3CD6-47A9-B479-0676D5509433}.Debug C.Build.0 = Debug C|Win32
		{59D00C95-3CD6-47A9-B479-0676D5509433}.Profile.ActiveCfg = Release|Win32
		{59D00C95-3CD6-47A9-B479-0676D5509433}.Profile.Build.0 = Release|Win32
		{59D00C95-3CD6-47A9-B479-0676D5509433}.Profile_FastCap.ActiveCfg = Release|Win32
		{59D00C95-3CD6-47A9-B479-0676D5509433}.Profile_FastCap.Build.0 = Release|Win32
		{59D00C95-3CD6-47A9-B479-0676D5509433}.Release.ActiveCfg = Release|Win32
		{59D00C95-3CD6-47A9-B479-0676D5509433}.Release.Build.0 = Release|Win32
		{59D00C95-3CD6-47A9-B479-0676D5509433}.Release C.ActiveCfg = Release C|Win32
		{59D00C95-3CD6-47A9-B479-0676D5509433}.Release C.Build.0 = Release C|Win32
		{59D00C95-3CD6-47A9-B479-0676D5509433}.Release_LTCG.ActiveCfg = Release|Win32
		{59D00C95-3CD6-47A9-B479-0676D5509433}.Release_LTCG.Build.0 = Release|Win32
		{C57FF242-7DE8-4C88-9E6E-5F96CAA69DEA}.Debug.ActiveCfg = Debug|Win32
		{C57FF242-7DE8-4C88-9E6E-5F96CAA69DEA}.Debug.Build.0 = Debug|Win32
		{C57FF242-7DE8-4C88-9E6E-5F96CAA69DEA}.Debug C.ActiveCfg = Debug|Win32
		{C57FF242-7DE8-4C88-9E6E-5F96CAA69DEA}.Debug C.Build.0 = Debug|Win32
		{C57FF242-7DE8-4C88-9E6E-5F96CAA69DEA}.Profile.ActiveCfg = Debug|Win32
		{C57FF242-7DE8-4C88-9E6E-5F96CAA69DEA}.Profile.Build.0 = Debug|Win32
		{C57FF242-7DE8-4C88-9E6E-5F96CAA69DEA}.Profile_FastCap.ActiveCfg = Debug|Win32
		{C57FF242-7DE8-4C88-9E6E-5F96CAA69DEA}.Profile_FastCap.Build.0 = Debug|Win32
		{C57FF242-7DE8-4C88-9E6E-5F96CAA69DEA}.Release.ActiveCfg = Release|Win32
		{C57FF242-7DE8-4C88-9E6E-5F96CAA69DEA}.Release.Build.0 = Release|Win32
		{C57FF242-7DE8-4C88-9E6E-5F96CAA69DEA}.Release C.ActiveCfg = Release|Win32
		{C57FF242-7DE8-4C88-9E6E-5F96CAA69DEA}.Release C.Build.0 = Release|Win32
		{C57FF242-7DE8-4C88-9E6E-5F96CAA69DEA}.Release_LTCG.ActiveCfg = Release|Win32
		{C57FF242-7DE8-4C88-9E6E-5F96CAA69DEA}.Release_LTCG.Build.0 = Release|Win32
		{BA0F4DE4-7A97-470A-B032-BCA269AE2CC7}.Debug.ActiveCfg = Debug|Win32
		{BA0F4DE4-7A97-470A-B032-BCA269AE2CC7}.Debug.Build.0 = Debug|Win32
		{BA0F4DE4-7A97-470A-B032-BCA269AE2CC7}.Debug C.ActiveCfg = Debug C|Win32
		{BA0F4DE4-7A97-470A-B032-BCA269AE2CC7}.Debug C.Build.0 = Debug C|Win32
		{BA0F4DE4-7A97-470A-B032-BCA269AE2CC7}.Profile.ActiveCfg = Release C|Win32
		{BA0F4DE4-7A97-470A-B032-BCA269AE2CC7}.Profile.Build.0 = Release C|Win32
		{BA0F4DE4-7A97-470A-B032-BCA269AE2CC7}.Profile_FastCap.ActiveCfg = Release C|Win32
		{BA0F4DE4-7A97-470A-B032-BCA269AE2CC7}.Profile_FastCap.Build.0 = Release C|Win32
		{BA0F4DE4-7A97-470A-B032-BCA269AE2CC7}.Release.ActiveCfg = Release|Win32
		{BA0F4DE4-7A97-470A-B032-BCA269AE2CC7}.Release.Build.0 = Release|Win32
		{BA0F4DE4-7A97-470A-B032-BCA269AE2CC7}.Release C.ActiveCfg = Release C|Win32
		{BA0F4DE4-7A97-470A-B032-BCA269AE2CC7}.Release C.Build.0 = Release C|Win32
		{BA0F4DE4-7A97-470A-B032-BCA269AE2CC7}.Release_LTCG.ActiveCfg = Release C|Win32
		{BA0F4DE4-7A97-470A-B032-BCA269AE2CC7}.Release_LTCG.Build.0 = Release C|Win32
		{D3982AB7-4786-466B-A3AC-B67CDDEB289F}.Debug.ActiveCfg = Debug|Win32
		{D3982AB7-4786-466B-A3AC-B67CDDEB289F}.Debug.Build.0 = Debug|Win32
		{D3982AB7-4786-466B-A3AC-B67CDDEB289F}.Debug C.ActiveCfg = Debug C|Win32
		{D3982AB7-4786-466B-A3AC-B67CDDEB289F}.Debug C.Build.0 = Debug C|Win32
		{D3982AB7-4786-466B-A3AC-B67CDDEB289F}.Profile.ActiveCfg = Debug C|Win32
		{D3982AB7-4786-466B-A3AC-B67CDDEB289F}.Profile.Build.0 = Debug C|Win32
		{D3982AB7-4786-466B-A3AC-B67CDDEB289F}.Profile_FastCap.ActiveCfg = Debug C|Win32
		{D3982AB7-4786-466B-A3AC-B67CDDEB289F}.Profile_FastCap.Build.0 = Debug C|Win32
		{D3982AB7-4786-466B-A3AC-B67CDDEB289F}.Release.ActiveCfg = Release|Win32
		{D3982AB7-4786-466B-A3AC-B67CDDEB289F}.Release.Build.0 = Release|Win32
		{D3982AB7-4786-466B-A3AC-B67CDDEB289F}.Release C.ActiveCfg = Release C|Win32
		{D3982AB7-4786-466B-A3AC-B67CDDEB289F}.Release C.Build.0 = Release C|Win32
		{D3982AB7-4786-466B-A3AC-B67CDDEB289F}.Release_LTCG.ActiveCfg = Release C|Win32
		{D3982AB7-4786-466B-A3AC-B67CDDEB289F}.Release_LTCG.Build.0 = Release C|Win32
		{FE3D343A-8A87-406C-AB56-27AB5EEAC334}.Debug.ActiveCfg = Debug|Win32
		{FE3D343A-8A87-406C-AB56-27AB5EEAC334}.Debug.Build.0 = Debug|Win32
		{FE3D343A-8A87-406C-AB56-27AB5EEAC334}.Debug C.ActiveCfg = Debug C|Win32
		{FE3D343A-8A87-406C-AB56-27AB5EEAC334}.Debug C.Build.0 = Debug C|Win32
		{FE3D343A-8A87-406C-AB56-27AB5EEAC334}.Profile.ActiveCfg = Debug|Win32
		{FE3D343A-8A87-406C-AB56-27AB5EEAC334}.Profile.Build.0 = Debug|Win32
		{FE3D343A-8A87-406C-AB56-27AB5EEAC334}.Profile_FastCap.ActiveCfg = Debug|Win32
		{FE3D343A-8A87-406C-AB56-27AB5EEAC334}.Profile_FastCap.Build.0 = Debug|Win32
		{FE3D343A-8A87-406C-AB56-27AB5EEAC334}.Release.ActiveCfg = Release|Win32
		{FE3D343A-8A87-406C-AB56-27AB5EEAC334}.Release.Build.0 = Release|Win32
		{FE3D343A-8A87-406C-AB56-27AB5EEAC334}.Release C.ActiveCfg = Release C|Win32
		{FE3D343A-8A87-406C-AB56-27AB5EEAC334}.Release C.Build.0 = Release C|Win32
		{FE3D343A-8A87-406C-AB56-27AB5EEAC334}.Release_LTCG.ActiveCfg = Release|Win32
		{FE3D343A-8A87-406C-AB56-27AB5EEAC334}.Release_LTCG.Build.0 = Release|Win32
		{7AB758A5-A31F-4C63-AD48-2C3A2BDB5E7B}.Debug.ActiveCfg = Debug|Win32
		{7AB758A5-A31F-4C63-AD48-2C3A2BDB5E7B}.Debug.Build.0 = Debug|Win32
		{7AB758A5-A31F-4C63-AD48-2C3A2BDB5E7B}.Debug C.ActiveCfg = Debug C|Win32
		{7AB758A5-A31F-4C63-AD48-2C3A2BDB5E7B}.Debug C.Build.0 = Debug C|Win32
		{7AB758A5-A31F-4C63-AD48-2C3A2BDB5E7B}.Profile.ActiveCfg = Debug|Win32
		{7AB758A5-A31F-4C63-AD48-2C3A2BDB5E7B}.Profile.Build.0 = Debug|Win32
		{7AB758A5-A31F-4C63-AD48-2C3A2BDB5E7B}.Profile_FastCap.ActiveCfg = Debug|Win32
		{7AB758A5-A31F-4C63-AD48-2C3A2BDB5E7B}.Profile_FastCap.Build.0 = Debug|Win32
		{7AB758A5-A31F-4C63-AD48-2C3A2BDB5E7B}.Release.ActiveCfg = Release|Win32
		{7AB758A5-A31F-4C63-AD48-2C3A2BDB5E7B}.Release.Build.0 = Release|Win32
		{7AB758A5-A31F-4C63-AD48-2C3A2BDB5E7B}.Release C.ActiveCfg = Release C|Win32
		{7AB758A5-A31F-4C63-AD48-2C3A2BDB5E7B}.Release C.Build.0 = Release C|Win32
		{7AB758A5-A31F-4C63-AD48-2C3A2BDB5E7B}.Release_LTCG.ActiveCfg = Release C|Win32
		{7AB758A5-A31F-4C63-AD48-2C3A2BDB5E7B}.Release_LTCG.Build.0 = Release C|Win32
		{49A7B1E7-5778-4118-9156-FC02CF3BAEDF}.Debug.ActiveCfg = Debug|Win32
		{49A7B1E7-5778-4118-9156-FC02CF3BAEDF}.Debug.Build.0 = Debug|Win32
		{49A7B1E7-5778-4118-9156-FC02CF3BAEDF}.Debug C.ActiveCfg = Debug C|Win32
		{49A7B1E7-5778-4118-9156-FC02CF3BAEDF}.Debug C.Build.0 = Debug C|Win32
		{49A7B1E7-5778-4118-9156-FC02CF3BAEDF}.Profile.ActiveCfg = Release|Win32
		{49A7B1E7-5778-4118-9156-FC02CF3BAEDF}.Profile.Build.0 = Release|Win32
		{49A7B1E7-5778-4118-9156-FC02CF3BAEDF}.Profile_FastCap.ActiveCfg = Release|Win32
		{49A7B1E7-5778-4118-9156-FC02CF3BAEDF}.Profile_FastCap.Build.0 = Release|Win32
		{49A7B1E7-5778-4118-9156-FC02CF3BAEDF}.Release.ActiveCfg = Release|Win32
		{49A7B1E7-5778-4118-9156-FC02CF3BAEDF}.Release.Build.0 = Release|Win32
		{49A7B1E7-5778-4118-9156-FC02CF3BAEDF}.Release C.ActiveCfg = Release C|Win32
		{49A7B1E7-5778-4118-9156-FC02CF3BAEDF}.Release C.Build.0 = Release C|Win32
		{49A7B1E7-5778-4118-9156-FC02CF3BAEDF}.Release_LTCG.ActiveCfg = Release|Win32
		{49A7B1E7-5778-4118-9156-FC02CF3BAEDF}.Release_LTCG.Build.0 = Release|Win32
		{DD67D307-63ED-43F2-B192-719D4271C173}.Debug.ActiveCfg = Debug|Win32
		{DD67D307-63ED-43F2-B192-719D4271C173}.Debug.Build.0 = Debug|Win32
		{DD67D307-63ED-43F2-B192-719D4271C173}.Debug C.ActiveCfg = Debug C|Win32
		{DD67D307-63ED-43F2-B192-719D4271C173}.Debug C.Build.0 = Debug C|Win32
		{DD67D307-63ED-43F2-B192-719D4271C173}.Profile.ActiveCfg = Release C|Win32
		{DD67D307-63ED-43F2-B192-719D4271C173}.Profile.Build.0 = Release C|Win32
		{DD67D307-63ED-43F2-B192-719D4271C173}.Profile_FastCap.ActiveCfg = Release C|Win32
		{DD67D307-63ED-43F2-B192-719D4271C173}.Profile_FastCap.Build.0 = Release C|Win32
		{DD67D307-63ED-43F2-B192-719D4271C173}.Release.ActiveCfg = Release|Win32
		{DD67D307-63ED-43F2-B192-719D4271C173}.Release.Build.0 = Release|Win32
		{DD67D307-63ED-43F2-B192-719D4271C173}.Release C.ActiveCfg = Release C|Win32
		{DD67D307-63ED-43F2-B192-719D4271C173}.Release C.Build.0 = Release C|Win32
		{DD67D307-63ED-43F2-B192-719D4271C173}.Release_LTCG.ActiveCfg = Release C|Win32
		{DD67D307-63ED-43F2-B192-719D4271C173}.Release_LTCG.Build.0 = Release C|Win32
		{7878ACC5-9604-4747-A7A2-1CE8F2DEFAD5}.Debug.ActiveCfg = Debug|Win32
		{7878ACC5-9604-4747-A7A2-1CE8F2DEFAD5}.Debug.Build.0 = Debug|Win32
		{7878ACC5-9604-4747-A7A2-1CE8F2DEFAD5}.Debug C.ActiveCfg = Debug|Win32
		{7878ACC5-9604-4747-A7A2-1CE8F2DEFAD5}.Debug C.Build.0 = Debug|Win32
		{7878ACC5-9604-4747-A7A2-1CE8F2DEFAD5}.Profile.ActiveCfg = Release|Win32
		{7878ACC5-9604-4747-A7A2-1CE8F2DEFAD5}.Profile.Build.0 = Release|Win32
		{7878ACC5-9604-4747-A7A2-1CE8F2DEFAD5}.Profile_FastCap.ActiveCfg = Release|Win32
		{7878ACC5-9604-4747-A7A2-1CE8F2DEFAD5}.Profile_FastCap.Build.0 = Release|Win32
		{7878ACC5-9604-4747-A7A2-1CE8F2DEFAD5}.Release.ActiveCfg = Release|Win32
		{7878ACC5-9604-4747-A7A2-1CE8F2DEFAD5}.Release.Build.0 = Release|Win32
		{7878ACC5-9604-4747-A7A2-1CE8F2DEFAD5}.Release C.ActiveCfg = Release|Win32
		{7878ACC5-9604-4747-A7A2-1CE8F2DEFAD5}.Release C.Build.0 = Release|Win32
		{7878ACC5-9604-4747-A7A2-1CE8F2DEFAD5}.Release_LTCG.ActiveCfg = Release|Win32
		{7878ACC5-9604-4747-A7A2-1CE8F2DEFAD5}.Release_LTCG.Build.0 = Release|Win32
		{8888D0FF-9AA8-4868-95F3-04888847DB8D}.Debug.ActiveCfg = Debug|Win32
		{8888D0FF-9AA8-4868-95F3-04888847DB8D}.Debug.Build.0 = Debug|Win32
		{8888D0FF-9AA8-4868-95F3-04888847DB8D}.Debug C.ActiveCfg = Debug|Win32
		{8888D0FF-9AA8-4868-95F3-04888847DB8D}.Debug C.Build.0 = Debug|Win32
		{8888D0FF-9AA8-4868-95F3-04888847DB8D}.Profile.ActiveCfg = Debug|Win32
		{8888D0FF-9AA8-4868-95F3-04888847DB8D}.Profile.Build.0 = Debug|Win32
		{8888D0FF-9AA8-4868-95F3-04888847DB8D}.Profile_FastCap.ActiveCfg = Debug|Win32
		{8888D0FF-9AA8-4868-95F3-04888847DB8D}.Profile_FastCap.Build.0 = Debug|Win32
		{8888D0FF-9AA8-4868-95F3-04888847DB8D}.Release.ActiveCfg = Release|Win32
		{8888D0FF-9AA8-4868-95F3-04888847DB8D}.Release.Build.0 = Release|Win32
		{8888D0FF-9AA8-4868-95F3-04888847DB8D}.Release C.ActiveCfg = Release|Win32
		{8888D0FF-9AA8-4868-95F3-04888847DB8D}.Release C.Build.0 = Release|Win32
		{8888D0FF-9AA8-4868-95F3-04888847DB8D}.Release_LTCG.ActiveCfg = Release|Win32
		{8888D0FF-9AA8-4868-95F3-04888847DB8D}.Release_LTCG.Build.0 = Release|Win32
		{20F9CCBB-F6F2-4E1F-A60B-CCF9BB47014C}.Debug.ActiveCfg = Debug|Win32
		{20F9CCBB-F6F2-4E1F-A60B-CCF9BB47014C}.Debug.Build.0 = Debug|Win32
		{20F9CCBB-F6F2-4E1F-A60B-CCF9BB47014C}.Debug C.ActiveCfg = Debug Use Plugins|Win32
		{20F9CCBB-F6F2-4E1F-A60B-CCF9BB47014C}.Debug C.Build.0 = Debug Use Plugins|Win32
		{20F9CCBB-F6F2-4E1F-A60B-CCF9BB47014C}.Profile.ActiveCfg = Release|Win32
		{20F9CCBB-F6F2-4E1F-A60B-CCF9BB47014C}.Profile.Build.0 = Release|Win32
		{20F9CCBB-F6F2-4E1F-A60B-CCF9BB47014C}.Profile_FastCap.ActiveCfg = Release|Win32
		{20F9CCBB-F6F2-4E1F-A60B-CCF9BB47014C}.Profile_FastCap.Build.0 = Release|Win32
		{20F9CCBB-F6F2-4E1F-A60B-CCF9BB47014C}.Release.ActiveCfg = Release|Win32
		{20F9CCBB-F6F2-4E1F-A60B-CCF9BB47014C}.Release.Build.0 = Release|Win32
		{20F9CCBB-F6F2-4E1F-A60B-CCF9BB47014C}.Release C.ActiveCfg = Release|Win32
		{20F9CCBB-F6F2-4E1F-A60B-CCF9BB47014C}.Release C.Build.0 = Release|Win32
		{20F9CCBB-F6F2-4E1F-A60B-CCF9BB47014C}.Release_LTCG.ActiveCfg = Release|Win32
		{20F9CCBB-F6F2-4E1F-A60B-CCF9BB47014C}.Release_LTCG.Build.0 = Release|Win32
		{95CD6459-3DE7-4FCE-87FC-E9C76335BD5A}.Debug.ActiveCfg = Debug|Win32
		{95CD6459-3DE7-4FCE-87FC-E9C76335BD5A}.Debug.Build.0 = Debug|Win32
		{95CD6459-3DE7-4FCE-87FC-E9C76335BD5A}.Debug C.ActiveCfg = Debug C|Win32
		{95CD6459-3DE7-4FCE-87FC-E9C76335BD5A}.Debug C.Build.0 = Debug C|Win32
		{95CD6459-3DE7-4FCE-87FC-E9C76335BD5A}.Profile.ActiveCfg = Release C|Win32
		{95CD6459-3DE7-4FCE-87FC-E9C76335BD5A}.Profile.Build.0 = Release C|Win32
		{95CD6459-3DE7-4FCE-87FC-E9C76335BD5A}.Profile_FastCap.ActiveCfg = Release C|Win32
		{95CD6459-3DE7-4FCE-87FC-E9C76335BD5A}.Profile_FastCap.Build.0 = Release C|Win32
		{95CD6459-3DE7-4FCE-87FC-E9C76335BD5A}.Release.ActiveCfg = Release|Win32
		{95CD6459-3DE7-4FCE-87FC-E9C76335BD5A}.Release.Build.0 = Release|Win32
		{95CD6459-3DE7-4FCE-87FC-E9C76335BD5A}.Release C.ActiveCfg = Release C|Win32
		{95CD6459-3DE7-4FCE-87FC-E9C76335BD5A}.Release C.Build.0 = Release C|Win32
		{95CD6459-3DE7-4FCE-87FC-E9C76335BD5A}.Release_LTCG.ActiveCfg = Release C|Win32
		{95CD6459-3DE7-4FCE-87FC-E9C76335BD5A}.Release_LTCG.Build.0 = Release C|Win32
		{740F226A-E311-4D34-9F52-3503EE826166}.Debug.ActiveCfg = Debug|Win32
		{740F226A-E311-4D34-9F52-3503EE826166}.Debug.Build.0 = Debug|Win32
		{740F226A-E311-4D34-9F52-3503EE826166}.Debug C.ActiveCfg = Debug C|Win32
		{740F226A-E311-4D34-9F52-3503EE826166}.Debug C.Build.0 = Debug C|Win32
		{740F226A-E311-4D34-9F52-3503EE826166}.Profile.ActiveCfg = Debug C|Win32
		{740F226A-E311-4D34-9F52-3503EE826166}.Profile.Build.0 = Debug C|Win32
		{740F226A-E311-4D34-9F52-3503EE826166}.Profile_FastCap.ActiveCfg = Debug C|Win32
		{740F226A-E311-4D34-9F52-3503EE826166}.Profile_FastCap.Build.0 = Debug C|Win32
		{740F226A-E311-4D34-9F52-3503EE826166}.Release.ActiveCfg = Release|Win32
		{740F226A-E311-4D34-9F52-3503EE826166}.Release.Build.0 = Release|Win32
		{740F226A-E311-4D34-9F52-3503EE826166}.Release C.ActiveCfg = Release C|Win32
		{740F226A-E311-4D34-9F52-3503EE826166}.Release C.Build.0 = Release C|Win32
		{740F226A-E311-4D34-9F52-3503EE826166}.Release_LTCG.ActiveCfg = Release|Win32
		{740F226A-E311-4D34-9F52-3503EE826166}.Release_LTCG.Build.0 = Release|Win32
		{D1BAFB57-4160-479C-8A03-AE22B8EBD468}.Debug.ActiveCfg = Debug|Win32
		{D1BAFB57-4160-479C-8A03-AE22B8EBD468}.Debug.Build.0 = Debug|Win32
		{D1BAFB57-4160-479C-8A03-AE22B8EBD468}.Debug C.ActiveCfg = Debug C|Win32
		{D1BAFB57-4160-479C-8A03-AE22B8EBD468}.Debug C.Build.0 = Debug C|Win32
		{D1BAFB57-4160-479C-8A03-AE22B8EBD468}.Profile.ActiveCfg = Release C|Win32
		{D1BAFB57-4160-479C-8A03-AE22B8EBD468}.Profile.Build.0 = Release C|Win32
		{D1BAFB57-4160-479C-8A03-AE22B8EBD468}.Profile_FastCap.ActiveCfg = Release C|Win32
		{D1BAFB57-4160-479C-8A03-AE22B8EBD468}.Profile_FastCap.Build.0 = Release C|Win32
		{D1BAFB57-4160-479C-8A03-AE22B8EBD468}.Release.ActiveCfg = Release|Win32
		{D1BAFB57-4160-479C-8A03-AE22B8EBD468}.Release.Build.0 = Release|Win32
		{D1BAFB57-4160-479C-8A03-AE22B8EBD468}.Release C.ActiveCfg = Release C|Win32
		{D1BAFB57-4160-479C-8A03-AE22B8EBD468}.Release C.Build.0 = Release C|Win32
		{D1BAFB57-4160-479C-8A03-AE22B8EBD468}.Release_LTCG.ActiveCfg = Release C|Win32
		{D1BAFB57-4160-479C-8A03-AE22B8EBD468}.Release_LTCG.Build.0 = Release C|Win32
		{DABB979A-0867-4985-B224-6E3B0A5E1936}.Debug.ActiveCfg = Debug|Win32
		{DABB979A-0867-4985-B224-6E3B0A5E1936}.Debug.Build.0 = Debug|Win32
		{DABB979A-0867-4985-B224-6E3B0A5E1936}.Debug C.ActiveCfg = Debug C|Win32
		{DABB979A-0867-4985-B224-6E3B0A5E1936}.Debug C.Build.0 = Debug C|Win32
		{DABB979A-0867-4985-B224-6E3B0A5E1936}.Profile.ActiveCfg = Debug|Win32
		{DABB979A-0867-4985-B224-6E3B0A5E1936}.Profile.Build.0 = Debug|Win32
		{DABB979A-0867-4985-B224-6E3B0A5E1936}.Profile_FastCap.ActiveCfg = Debug|Win32
		{DABB979A-0867-4985-B224-6E3B0A5E1936}.Profile_FastCap.Build.0 = Debug|Win32
		{DABB979A-0867-4985-B224-6E3B0A5E1936}.Release.ActiveCfg = Release|Win32
		{DABB979A-0867-4985-B224-6E3B0A5E1936}.Release.Build.0 = Release|Win32
		{DABB979A-0867-4985-B224-6E3B0A5E1936}.Release C.ActiveCfg = Release C|Win32
		{DABB979A-0867-4985-B224-6E3B0A5E1936}.Release C.Build.0 = Release C|Win32
		{DABB979A-0867-4985-B224-6E3B0A5E1936}.Release_LTCG.ActiveCfg = Release|Win32
		{DABB979A-0867-4985-B224-6E3B0A5E1936}.Release_LTCG.Build.0 = Release|Win32
		{AD5C00C7-4713-476B-832A-019B169FFCBC}.Debug.ActiveCfg = Debug|Win32
		{AD5C00C7-4713-476B-832A-019B169FFCBC}.Debug.Build.0 = Debug|Win32
		{AD5C00C7-4713-476B-832A-019B169FFCBC}.Debug C.ActiveCfg = Debug C|Win32
		{AD5C00C7-4713-476B-832A-019B169FFCBC}.Debug C.Build.0 = Debug C|Win32
		{AD5C00C7-4713-476B-832A-019B169FFCBC}.Profile.ActiveCfg = Release|Win32
		{AD5C00C7-4713-476B-832A-019B169FFCBC}.Profile.Build.0 = Release|Win32
		{AD5C00C7-4713-476B-832A-019B169FFCBC}.Profile_FastCap.ActiveCfg = Release|Win32
		{AD5C00C7-4713-476B-832A-019B169FFCBC}.Profile_FastCap.Build.0 = Release|Win32
		{AD5C00C7-4713-476B-832A-019B169FFCBC}.Release.ActiveCfg = Release|Win32
		{AD5C00C7-4713-476B-832A-019B169FFCBC}.Release.Build.0 = Release|Win32
		{AD5C00C7-4713-476B-832A-019B169FFCBC}.Release C.ActiveCfg = Release C|Win32
		{AD5C00C7-4713-476B-832A-019B169FFCBC}.Release C.Build.0 = Release C|Win32
		{AD5C00C7-4713-476B-832A-019B169FFCBC}.Release_LTCG.ActiveCfg = Release|Win32
		{AD5C00C7-4713-476B-832A-019B169FFCBC}.Release_LTCG.Build.0 = Release|Win32
		{F9228E63-B95B-4FCB-A547-D7E12D9712D6}.Debug.ActiveCfg = Debug|Win32
		{F9228E63-B95B-4FCB-A547-D7E12D9712D6}.Debug.Build.0 = Debug|Win32
		{F9228E63-B95B-4FCB-A547-D7E12D9712D6}.Debug C.ActiveCfg = Debug|Win32
		{F9228E63-B95B-4FCB-A547-D7E12D9712D6}.Debug C.Build.0 = Debug|Win32
		{F9228E63-B95B-4FCB-A547-D7E12D9712D6}.Profile.ActiveCfg = Release|Win32
		{F9228E63-B95B-4FCB-A547-D7E12D9712D6}.Profile.Build.0 = Release|Win32
		{F9228E63-B95B-4FCB-A547-D7E12D9712D6}.Profile_FastCap.ActiveCfg = Release|Win32
		{F9228E63-B95B-4FCB-A547-D7E12D9712D6}.Profile_FastCap.Build.0 = Release|Win32
		{F9228E63-B95B-4FCB-A547-D7E12D9712D6}.Release.ActiveCfg = Release|Win32
		{F9228E63-B95B-4FCB-A547-D7E12D9712D6}.Release.Build.0 = Release|Win32
		{F9228E63-B95B-4FCB-A547-D7E12D9712D6}.Release C.ActiveCfg = Release|Win32
		{F9228E63-B95B-4FCB-A547-D7E12D9712D6}.Release C.Build.0 = Release|Win32
		{F9228E63-B95B-4FCB-A547-D7E12D9712D6}.Release_LTCG.ActiveCfg = Release|Win32
		{F9228E63-B95B-4FCB-A547-D7E12D9712D6}.Release_LTCG.Build.0 = Release|Win32
		{14A931A0-FE88-45D3-A65C-E32E5F2AB36E}.Debug.ActiveCfg = Debug|Win32
		{14A931A0-FE88-45D3-A65C-E32E5F2AB36E}.Debug.Build.0 = Debug|Win32
		{14A931A0-FE88-45D3-A65C-E32E5F2AB36E}.Debug C.ActiveCfg = Debug C|Win32
		{14A931A0-FE88-45D3-A65C-E32E5F2AB36E}.Debug C.Build.0 = Debug C|Win32
		{14A931A0-FE88-45D3-A65C-E32E5F2AB36E}.Profile.ActiveCfg = Release|Win32
		{14A931A0-FE88-45D3-A65C-E32E5F2AB36E}.Profile.Build.0 = Release|Win32
		{14A931A0-FE88-45D3-A65C-E32E5F2AB36E}.Profile_FastCap.ActiveCfg = Release|Win32
		{14A931A0-FE88-45D3-A65C-E32E5F2AB36E}.Profile_FastCap.Build.0 = Release|Win32
		{14A931A0-FE88-45D3-A65C-E32E5F2AB36E}.Release.ActiveCfg = Release|Win32
		{14A931A0-FE88-45D3-A65C-E32E5F2AB36E}.Release.Build.0 = Release|Win32
		{14A931A0-FE88-45D3-A65C-E32E5F2AB36E}.Release C.ActiveCfg = Release C|Win32
		{14A931A0-FE88-45D3-A65C-E32E5F2AB36E}.Release C.Build.0 = Release C|Win32
		{14A931A0-FE88-45D3-A65C-E32E5F2AB36E}.Release_LTCG.ActiveCfg = Release|Win32
		{14A931A0-FE88-45D3-A65C-E32E5F2AB36E}.Release_LTCG.Build.0 = Release|Win32
		{95CD6459-3DE7-4FCE-87FC-E9C76335BD5A}.Debug.ActiveCfg = Debug|Win32
		{95CD6459-3DE7-4FCE-87FC-E9C76335BD5A}.Debug.Build.0 = Debug|Win32
		{95CD6459-3DE7-4FCE-87FC-E9C76335BD5A}.Debug C.ActiveCfg = Debug C|Win32
		{95CD6459-3DE7-4FCE-87FC-E9C76335BD5A}.Debug C.Build.0 = Debug C|Win32
		{95CD6459-3DE7-4FCE-87FC-E9C76335BD5A}.Profile.ActiveCfg = Release C|Win32
		{95CD6459-3DE7-4FCE-87FC-E9C76335BD5A}.Profile.Build.0 = Release C|Win32
		{95CD6459-3DE7-4FCE-87FC-E9C76335BD5A}.Profile_FastCap.ActiveCfg = Release C|Win32
		{95CD6459-3DE7-4FCE-87FC-E9C76335BD5A}.Profile_FastCap.Build.0 = Release C|Win32
		{95CD6459-3DE7-4FCE-87FC-E9C76335BD5A}.Release.ActiveCfg = Release|Win32
		{95CD6459-3DE7-4FCE-87FC-E9C76335BD5A}.Release.Build.0 = Release|Win32
		{95CD6459-3DE7-4FCE-87FC-E9C76335BD5A}.Release C.ActiveCfg = Release C|Win32
		{95CD6459-3DE7-4FCE-87FC-E9C76335BD5A}.Release C.Build.0 = Release C|Win32
		{95CD6459-3DE7-4FCE-87FC-E9C76335BD5A}.Release_LTCG.ActiveCfg = Release C|Win32
		{95CD6459-3DE7-4FCE-87FC-E9C76335BD5A}.Release_LTCG.Build.0 = Release C|Win32
		{83B2EE79-BA41-42E1-8F2E-1F78E130272B}.Debug.ActiveCfg = Debug|Win32
		{83B2EE79-BA41-42E1-8F2E-1F78E130272B}.Debug.Build.0 = Debug|Win32
		{83B2EE79-BA41-42E1-8F2E-1F78E130272B}.Debug C.ActiveCfg = Debug C|Win32
		{83B2EE79-BA41-42E1-8F2E-1F78E130272B}.Debug C.Build.0 = Debug C|Win32
		{83B2EE79-BA41-42E1-8F2E-1F78E130272B}.Profile.ActiveCfg = Debug|Win32
		{83B2EE79-BA41-42E1-8F2E-1F78E130272B}.Profile.Build.0 = Debug|Win32
		{83B2EE79-BA41-42E1-8F2E-1F78E130272B}.Profile_FastCap.ActiveCfg = Debug|Win32
		{83B2EE79-BA41-42E1-8F2E-1F78E130272B}.Profile_FastCap.Build.0 = Debug|Win32
		{83B2EE79-BA41-42E1-8F2E-1F78E130272B}.Release.ActiveCfg = Release|Win32
		{83B2EE79-BA41-42E1-8F2E-1F78E130272B}.Release.Build.0 = Release|Win32
		{83B2EE79-BA41-42E1-8F2E-1F78E130272B}.Release C.ActiveCfg = Release C|Win32
		{83B2EE79-BA41-42E1-8F2E-1F78E130272B}.Release C.Build.0 = Release C|Win32
		{83B2EE79-BA41-42E1-8F2E-1F78E130272B}.Release_LTCG.ActiveCfg = Release C|Win32
		{83B2EE79-BA41-42E1-8F2E-1F78E130272B}.Release_LTCG.Build.0 = Release C|Win32
		{46A5FACC-6F1E-4DF8-AF43-DBBD4EFBBF20}.Debug.ActiveCfg = Debug|Win32
		{46A5FACC-6F1E-4DF8-AF43-DBBD4EFBBF20}.Debug.Build.0 = Debug|Win32
		{46A5FACC-6F1E-4DF8-AF43-DBBD4EFBBF20}.Debug C.ActiveCfg = Debug C|Win32
		{46A5FACC-6F1E-4DF8-AF43-DBBD4EFBBF20}.Debug C.Build.0 = Debug C|Win32
		{46A5FACC-6F1E-4DF8-AF43-DBBD4EFBBF20}.Profile.ActiveCfg = Release C|Win32
		{46A5FACC-6F1E-4DF8-AF43-DBBD4EFBBF20}.Profile.Build.0 = Release C|Win32
		{46A5FACC-6F1E-4DF8-AF43-DBBD4EFBBF20}.Profile_FastCap.ActiveCfg = Release C|Win32
		{46A5FACC-6F1E-4DF8-AF43-DBBD4EFBBF20}.Profile_FastCap.Build.0 = Release C|Win32
		{46A5FACC-6F1E-4DF8-AF43-DBBD4EFBBF20}.Release.ActiveCfg = Release|Win32
		{46A5FACC-6F1E-4DF8-AF43-DBBD4EFBBF20}.Release.Build.0 = Release|Win32
		{46A5FACC-6F1E-4DF8-AF43-DBBD4EFBBF20}.Release C.ActiveCfg = Release C|Win32
		{46A5FACC-6F1E-4DF8-AF43-DBBD4EFBBF20}.Release C.Build.0 = Release C|Win32
		{46A5FACC-6F1E-4DF8-AF43-DBBD4EFBBF20}.Release_LTCG.ActiveCfg = Release C|Win32
		{46A5FACC-6F1E-4DF8-AF43-DBBD4EFBBF20}.Release_LTCG.Build.0 = Release C|Win32
		{2A0D96B2-A7EE-45FF-B740-2A3A0EDD7D1A}.Debug.ActiveCfg = Debug|Win32
		{2A0D96B2-A7EE-45FF-B740-2A3A0EDD7D1A}.Debug.Build.0 = Debug|Win32
		{2A0D96B2-A7EE-45FF-B740-2A3A0EDD7D1A}.Debug C.ActiveCfg = Debug C|Win32
		{2A0D96B2-A7EE-45FF-B740-2A3A0EDD7D1A}.Debug C.Build.0 = Debug C|Win32
		{2A0D96B2-A7EE-45FF-B740-2A3A0EDD7D1A}.Profile.ActiveCfg = Debug|Win32
		{2A0D96B2-A7EE-45FF-B740-2A3A0EDD7D1A}.Profile.Build.0 = Debug|Win32
		{2A0D96B2-A7EE-45FF-B740-2A3A0EDD7D1A}.Profile_FastCap.ActiveCfg = Debug|Win32
		{2A0D96B2-A7EE-45FF-B740-2A3A0EDD7D1A}.Profile_FastCap.Build.0 = Debug|Win32
		{2A0D96B2-A7EE-45FF-B740-2A3A0EDD7D1A}.Release.ActiveCfg = Release|Win32
		{2A0D96B2-A7EE-45FF-B740-2A3A0EDD7D1A}.Release.Build.0 = Release|Win32
		{2A0D96B2-A7EE-45FF-B740-2A3A0EDD7D1A}.Release C.ActiveCfg = Release C|Win32
		{2A0D96B2-A7EE-45FF-B740-2A3A0EDD7D1A}.Release C.Build.0 = Release C|Win32
		{2A0D96B2-A7EE-45FF-B740-2A3A0EDD7D1A}.Release_LTCG.ActiveCfg = Release C|Win32
		{2A0D96B2-A7EE-45FF-B740-2A3A0EDD7D1A}.Release_LTCG.Build.0 = Release C|Win32
		{46A5FACC-6F1E-4DF8-AF43-DBBD4EFBBF20}.Debug.ActiveCfg = Debug|Win32
		{46A5FACC-6F1E-4DF8-AF43-DBBD4EFBBF20}.Debug.Build.0 = Debug|Win32
		{46A5FACC-6F1E-4DF8-AF43-DBBD4EFBBF20}.Debug C.ActiveCfg = Debug C|Win32
		{46A5FACC-6F1E-4DF8-AF43-DBBD4EFBBF20}.Debug C.Build.0 = Debug C|Win32
		{46A5FACC-6F1E-4DF8-AF43-DBBD4EFBBF20}.Profile.ActiveCfg = Release C|Win32
		{46A5FACC-6F1E-4DF8-AF43-DBBD4EFBBF20}.Profile.Build.0 = Release C|Win32
		{46A5FACC-6F1E-4DF8-AF43-DBBD4EFBBF20}.Profile_FastCap.ActiveCfg = Release C|Win32
		{46A5FACC-6F1E-4DF8-AF43-DBBD4EFBBF20}.Profile_FastCap.Build.0 = Release C|Win32
		{46A5FACC-6F1E-4DF8-AF43-DBBD4EFBBF20}.Release.ActiveCfg = Release|Win32
		{46A5FACC-6F1E-4DF8-AF43-DBBD4EFBBF20}.Release.Build.0 = Release|Win32
		{46A5FACC-6F1E-4DF8-AF43-DBBD4EFBBF20}.Release C.ActiveCfg = Release C|Win32
		{46A5FACC-6F1E-4DF8-AF43-DBBD4EFBBF20}.Release C.Build.0 = Release C|Win32
		{46A5FACC-6F1E-4DF8-AF43-DBBD4EFBBF20}.Release_LTCG.ActiveCfg = Release C|Win32
		{46A5FACC-6F1E-4DF8-AF43-DBBD4EFBBF20}.Release_LTCG.Build.0 = Release C|Win32
		{49A7B1E7-5778-4118-9156-FC02CF3BAEDF}.Debug.ActiveCfg = Debug|Win32
		{49A7B1E7-5778-4118-9156-FC02CF3BAEDF}.Debug.Build.0 = Debug|Win32
		{49A7B1E7-5778-4118-9156-FC02CF3BAEDF}.Debug C.ActiveCfg = Debug C|Win32
		{49A7B1E7-5778-4118-9156-FC02CF3BAEDF}.Debug C.Build.0 = Debug C|Win32
		{49A7B1E7-5778-4118-9156-FC02CF3BAEDF}.Profile.ActiveCfg = Release|Win32
		{49A7B1E7-5778-4118-9156-FC02CF3BAEDF}.Profile.Build.0 = Release|Win32
		{49A7B1E7-5778-4118-9156-FC02CF3BAEDF}.Profile_FastCap.ActiveCfg = Release|Win32
		{49A7B1E7-5778-4118-9156-FC02CF3BAEDF}.Profile_FastCap.Build.0 = Release|Win32
		{49A7B1E7-5778-4118-9156-FC02CF3BAEDF}.Release.ActiveCfg = Release|Win32
		{49A7B1E7-5778-4118-9156-FC02CF3BAEDF}.Release.Build.0 = Release|Win32
		{49A7B1E7-5778-4118-9156-FC02CF3BAEDF}.Release C.ActiveCfg = Release C|Win32
		{49A7B1E7-5778-4118-9156-FC02CF3BAEDF}.Release C.Build.0 = Release C|Win32
		{49A7B1E7-5778-4118-9156-FC02CF3BAEDF}.Release_LTCG.ActiveCfg = Release|Win32
		{49A7B1E7-5778-4118-9156-FC02CF3BAEDF}.Release_LTCG.Build.0 = Release|Win32
		{DD67D307-63ED-43F2-B192-719D4271C173}.Debug.ActiveCfg = Debug|Win32
		{DD67D307-63ED-43F2-B192-719D4271C173}.Debug.Build.0 = Debug|Win32
		{DD67D307-63ED-43F2-B192-719D4271C173}.Debug C.ActiveCfg = Debug C|Win32
		{DD67D307-63ED-43F2-B192-719D4271C173}.Debug C.Build.0 = Debug C|Win32
		{DD67D307-63ED-43F2-B192-719D4271C173}.Profile.ActiveCfg = Release C|Win32
		{DD67D307-63ED-43F2-B192-719D4271C173}.Profile.Build.0 = Release C|Win32
		{DD67D307-63ED-43F2-B192-719D4271C173}.Profile_FastCap.ActiveCfg = Release C|Win32
		{DD67D307-63ED-43F2-B192-719D4271C173}.Profile_FastCap.Build.0 = Release C|Win32
		{DD67D307-63ED-43F2-B192-719D4271C173}.Release.ActiveCfg = Release|Win32
		{DD67D307-63ED-43F2-B192-719D4271C173}.Release.Build.0 = Release|Win32
		{DD67D307-63ED-43F2-B192-719D4271C173}.Release C.ActiveCfg = Release C|Win32
		{DD67D307-63ED-43F2-B192-719D4271C173}.Release C.Build.0 = Release C|Win32
		{DD67D307-63ED-43F2-B192-719D4271C173}.Release_LTCG.ActiveCfg = Release C|Win32
		{DD67D307-63ED-43F2-B192-719D4271C173}.Release_LTCG.Build.0 = Release C|Win32
		{740F226A-E311-4D34-9F52-3503EE826166}.Debug.ActiveCfg = Debug|Win32
		{740F226A-E311-4D34-9F52-3503EE826166}.Debug.Build.0 = Debug|Win32
		{740F226A-E311-4D34-9F52-3503EE826166}.Debug C.ActiveCfg = Debug C|Win32
		{740F226A-E311-4D34-9F52-3503EE826166}.Debug C.Build.0 = Debug C|Win32
		{740F226A-E311-4D34-9F52-3503EE826166}.Profile.ActiveCfg = Debug C|Win32
		{740F226A-E311-4D34-9F52-3503EE826166}.Profile.Build.0 = Debug C|Win32
		{740F226A-E311-4D34-9F52-3503EE826166}.Profile_FastCap.ActiveCfg = Debug C|Win32
		{740F226A-E311-4D34-9F52-3503EE826166}.Profile_FastCap.Build.0 = Debug C|Win32
		{740F226A-E311-4D34-9F52-3503EE826166}.Release.ActiveCfg = Release|Win32
		{740F226A-E311-4D34-9F52-3503EE826166}.Release.Build.0 = Release|Win32
		{740F226A-E311-4D34-9F52-3503EE826166}.Release C.ActiveCfg = Release C|Win32
		{740F226A-E311-4D34-9F52-3503EE826166}.Release C.Build.0 = Release C|Win32
		{740F226A-E311-4D34-9F52-3503EE826166}.Release_LTCG.ActiveCfg = Release|Win32
		{740F226A-E311-4D34-9F52-3503EE826166}.Release_LTCG.Build.0 = Release|Win32
		{DD67D307-63ED-43F2-B192-719D4271C173}.Debug.ActiveCfg = Debug|Win32
		{DD67D307-63ED-43F2-B192-719D4271C173}.Debug.Build.0 = Debug|Win32
		{DD67D307-63ED-43F2-B192-719D4271C173}.Debug C.ActiveCfg = Debug C|Win32
		{DD67D307-63ED-43F2-B192-719D4271C173}.Debug C.Build.0 = Debug C|Win32
		{DD67D307-63ED-43F2-B192-719D4271C173}.Profile.ActiveCfg = Release C|Win32
		{DD67D307-63ED-43F2-B192-719D4271C173}.Profile.Build.0 = Release C|Win32
		{DD67D307-63ED-43F2-B192-719D4271C173}.Profile_FastCap.ActiveCfg = Release C|Win32
		{DD67D307-63ED-43F2-B192-719D4271C173}.Profile_FastCap.Build.0 = Release C|Win32
		{DD67D307-63ED-43F2-B192-719D4271C173}.Release.ActiveCfg = Release|Win32
		{DD67D307-63ED-43F2-B192-719D4271C173}.Release.Build.0 = Release|Win32
		{DD67D307-63ED-43F2-B192-719D4271C173}.Release C.ActiveCfg = Release C|Win32
		{DD67D307-63ED-43F2-B192-719D4271C173}.Release C.Build.0 = Release C|Win32
		{DD67D307-63ED-43F2-B192-719D4271C173}.Release_LTCG.ActiveCfg = Release C|Win32
		{DD67D307-63ED-43F2-B192-719D4271C173}.Release_LTCG.Build.0 = Release C|Win32
		{49A7B1E7-5778-4118-9156-FC02CF3BAEDF}.Debug.ActiveCfg = Debug|Win32
		{49A7B1E7-5778-4118-9156-FC02CF3BAEDF}.Debug.Build.0 = Debug|Win32
		{49A7B1E7-5778-4118-9156-FC02CF3BAEDF}.Debug C.ActiveCfg = Debug C|Win32
		{49A7B1E7-5778-4118-9156-FC02CF3BAEDF}.Debug C.Build.0 = Debug C|Win32
		{49A7B1E7-5778-4118-9156-FC02CF3BAEDF}.Profile.ActiveCfg = Release|Win32
		{49A7B1E7-5778-4118-9156-FC02CF3BAEDF}.Profile.Build.0 = Release|Win32
		{49A7B1E7-5778-4118-9156-FC02CF3BAEDF}.Profile_FastCap.ActiveCfg = Release|Win32
		{49A7B1E7-5778-4118-9156-FC02CF3BAEDF}.Profile_FastCap.Build.0 = Release|Win32
		{49A7B1E7-5778-4118-9156-FC02CF3BAEDF}.Release.ActiveCfg = Release|Win32
		{49A7B1E7-5778-4118-9156-FC02CF3BAEDF}.Release.Build.0 = Release|Win32
		{49A7B1E7-5778-4118-9156-FC02CF3BAEDF}.Release C.ActiveCfg = Release C|Win32
		{49A7B1E7-5778-4118-9156-FC02CF3BAEDF}.Release C.Build.0 = Release C|Win32
		{49A7B1E7-5778-4118-9156-FC02CF3BAEDF}.Release_LTCG.ActiveCfg = Release|Win32
		{49A7B1E7-5778-4118-9156-FC02CF3BAEDF}.Release_LTCG.Build.0 = Release|Win32
		{46A5FACC-6F1E-4DF8-AF43-DBBD4EFBBF20}.Debug.ActiveCfg = Debug|Win32
		{46A5FACC-6F1E-4DF8-AF43-DBBD4EFBBF20}.Debug.Build.0 = Debug|Win32
		{46A5FACC-6F1E-4DF8-AF43-DBBD4EFBBF20}.Debug C.ActiveCfg = Debug C|Win32
		{46A5FACC-6F1E-4DF8-AF43-DBBD4EFBBF20}.Debug C.Build.0 = Debug C|Win32
		{46A5FACC-6F1E-4DF8-AF43-DBBD4EFBBF20}.Profile.ActiveCfg = Release C|Win32
		{46A5FACC-6F1E-4DF8-AF43-DBBD4EFBBF20}.Profile.Build.0 = Release C|Win32
		{46A5FACC-6F1E-4DF8-AF43-DBBD4EFBBF20}.Profile_FastCap.ActiveCfg = Release C|Win32
		{46A5FACC-6F1E-4DF8-AF43-DBBD4EFBBF20}.Profile_FastCap.Build.0 = Release C|Win32
		{46A5FACC-6F1E-4DF8-AF43-DBBD4EFBBF20}.Release.ActiveCfg = Release|Win32
		{46A5FACC-6F1E-4DF8-AF43-DBBD4EFBBF20}.Release.Build.0 = Release|Win32
		{46A5FACC-6F1E-4DF8-AF43-DBBD4EFBBF20}.Release C.ActiveCfg = Release C|Win32
		{46A5FACC-6F1E-4DF8-AF43-DBBD4EFBBF20}.Release C.Build.0 = Release C|Win32
		{46A5FACC-6F1E-4DF8-AF43-DBBD4EFBBF20}.Release_LTCG.ActiveCfg = Release C|Win32
		{46A5FACC-6F1E-4DF8-AF43-DBBD4EFBBF20}.Release_LTCG.Build.0 = Release C|Win32
		{F66862EA-6295-4957-9EC4-2C13F17579B7}.Debug.ActiveCfg = Debug|Win32
		{F66862EA-6295-4957-9EC4-2C13F17579B7}.Debug.Build.0 = Debug|Win32
		{F66862EA-6295-4957-9EC4-2C13F17579B7}.Debug C.ActiveCfg = Debug C|Win32
		{F66862EA-6295-4957-9EC4-2C13F17579B7}.Debug C.Build.0 = Debug C|Win32
		{F66862EA-6295-4957-9EC4-2C13F17579B7}.Profile.ActiveCfg = Release C|Win32
		{F66862EA-6295-4957-9EC4-2C13F17579B7}.Profile.Build.0 = Release C|Win32
		{F66862EA-6295-4957-9EC4-2C13F17579B7}.Profile_FastCap.ActiveCfg = Release C|Win32
		{F66862EA-6295-4957-9EC4-2C13F17579B7}.Profile_FastCap.Build.0 = Release C|Win32
		{F66862EA-6295-4957-9EC4-2C13F17579B7}.Release.ActiveCfg = Release|Win32
		{F66862EA-6295-4957-9EC4-2C13F17579B7}.Release.Build.0 = Release|Win32
		{F66862EA-6295-4957-9EC4-2C13F17579B7}.Release C.ActiveCfg = Release C|Win32
		{F66862EA-6295-4957-9EC4-2C13F17579B7}.Release C.Build.0 = Release C|Win32
		{F66862EA-6295-4957-9EC4-2C13F17579B7}.Release_LTCG.ActiveCfg = Release C|Win32
		{F66862EA-6295-4957-9EC4-2C13F17579B7}.Release_LTCG.Build.0 = Release C|Win32
	EndGlobalSection
	GlobalSection(ExtensibilityGlobals) = postSolution
	EndGlobalSection
	GlobalSection(ExtensibilityAddIns) = postSolution
	EndGlobalSection
EndGlobal
