Microsoft Visual Studio Solution File, Format Version 9.00
# Visual Studio 2005
Project("{FAE04EC0-301F-11D3-BF4B-00C04F79EFBC}") = "3d", "3d\3d.csproj", "{AC64CED6-42D0-4DE9-8B7A-1BF4DE39B73F}"
EndProject
Project("{FAE04EC0-301F-11D3-BF4B-00C04F79EFBC}") = "cdplayer", "cdplayer\cdplayer.csproj", "{5E57D855-0DC8-4813-938B-E096C2678EE2}"
EndProject
Project("{FAE04EC0-301F-11D3-BF4B-00C04F79EFBC}") = "channelgroups", "channelgroups\channelgroups.csproj", "{51A2FE09-27E7-4727-96F1-9BC280CE6BDA}"
EndProject
Project("{FAE04EC0-301F-11D3-BF4B-00C04F79EFBC}") = "dsp_effectperspeaker", "dsp_effectperspeaker\dsp_effectperspeaker.csproj", "{15154018-F638-4258-AAAC-BA2BE79DAF3E}"
EndProject
Project("{FAE04EC0-301F-11D3-BF4B-00C04F79EFBC}") = "effects", "effects\effects.csproj", "{F5436BFD-B9A0-476D-B58B-8EC34D1D379A}"
EndProject
Project("{FAE04EC0-301F-11D3-BF4B-00C04F79EFBC}") = "filecallbacks", "filecallbacks\filecallbacks.csproj", "{08B8DCD1-ABA2-4988-A8F7-AB8E5F65C261}"
EndProject
Project("{FAE04EC0-301F-11D3-BF4B-00C04F79EFBC}") = "generatetone", "generatetone\generatetone.csproj", "{4458555A-6AB8-44D8-A6E7-1907A2697AFE}"
EndProject
Project("{FAE04EC0-301F-11D3-BF4B-00C04F79EFBC}") = "loadfrommemory", "loadfrommemory\loadfrommemory.csproj", "{F25A6888-0525-4C67-AF8C-793D004CDC3C}"
EndProject
Project("{FAE04EC0-301F-11D3-BF4B-00C04F79EFBC}") = "multiplesoundcard", "multiplesoundcard\multiplesoundcard.csproj", "{8A3AE05F-EAAA-400F-8C60-E69E52F91D1E}"
EndProject
Project("{FAE04EC0-301F-11D3-BF4B-00C04F79EFBC}") = "multispeakeroutput", "multispeakeroutput\multispeakeroutput.csproj", "{A47AC6A2-E797-4D5A-A5D0-FB00C8264FA0}"
EndProject
Project("{FAE04EC0-301F-11D3-BF4B-00C04F79EFBC}") = "netstream", "netstream\netstream.csproj", "{73F16B0E-F22E-4FE0-A893-070CAC577E80}"
EndProject
Project("{FAE04EC0-301F-11D3-BF4B-00C04F79EFBC}") = "offlinedecoding", "offlinedecoding\offlinedecoding.csproj", "{F8AF9324-22CF-4D0A-AD42-0A9FC09B185B}"
EndProject
Project("{FAE04EC0-301F-11D3-BF4B-00C04F79EFBC}") = "pitchdetection", "pitchdetection\pitchdetection.csproj", "{6F1D0483-C7B4-4082-B805-CF8E8171A090}"
EndProject
Project("{FAE04EC0-301F-11D3-BF4B-00C04F79EFBC}") = "playsound", "playsound\playsound.csproj", "{0E33B1B6-2A24-4904-B9C8-63317BA91C00}"
EndProject
Project("{FAE04EC0-301F-11D3-BF4B-00C04F79EFBC}") = "playstream", "playstream\playstream.csproj", "{DE617412-1FC7-4320-8B05-ECBB7EAD9AED}"
EndProject
Project("{FAE04EC0-301F-11D3-BF4B-00C04F79EFBC}") = "readtags", "readtags\readtags.csproj", "{17873381-1FAC-4F57-8446-CB94326A016B}"
EndProject
Project("{FAE04EC0-301F-11D3-BF4B-00C04F79EFBC}") = "realtimestitching", "realtimestitching\realtimestitching.csproj", "{B9A86C47-DD28-4F6C-95CB-C3F7476BBB62}"
EndProject
Project("{FAE04EC0-301F-11D3-BF4B-00C04F79EFBC}") = "recording", "recording\recording.csproj", "{BD67D61C-F22A-4823-83D8-84E6640694F8}"
EndProject
Project("{FAE04EC0-301F-11D3-BF4B-00C04F79EFBC}") = "recordtodisk", "recordtodisk\recordtodisk.csproj", "{650447CC-BDB4-4C94-91F1-6DAAF4AFFFE3}"
EndProject
Project("{FAE04EC0-301F-11D3-BF4B-00C04F79EFBC}") = "ripnetstream", "ripnetstream\ripnetstream.csproj", "{04735F68-C8DC-4CCE-AACB-DB1ACC89AD2F}"
EndProject
Project("{FAE04EC0-301F-11D3-BF4B-00C04F79EFBC}") = "spectrum", "spectrum\spectrum.csproj", "{412CE531-7D50-40F8-8C27-10AB13006D83}"
EndProject
Project("{FAE04EC0-301F-11D3-BF4B-00C04F79EFBC}") = "submixing", "submixing\submixing.csproj", "{BB9419F6-22DB-4432-8469-99515B641AC8}"
EndProject
Project("{FAE04EC0-301F-11D3-BF4B-00C04F79EFBC}") = "useplugins", "useplugins\useplugins.csproj", "{AE5E6C15-AC3C-436A-903D-9016DCB7013A}"
EndProject
Project("{FAE04EC0-301F-11D3-BF4B-00C04F79EFBC}") = "usercreatedsound", "usercreatedsound\usercreatedsound.csproj", "{C779B52B-ABA0-43D6-954F-BD999F31EF12}"
EndProject
Project("{FAE04EC0-301F-11D3-BF4B-00C04F79EFBC}") = "virtualvoices", "virtualvoices\virtualvoices.csproj", "{54CCF41A-4C66-486B-B726-0213DB94570C}"
EndProject
Project("{FAE04EC0-301F-11D3-BF4B-00C04F79EFBC}") = "dsp_custom", "dsp_custom\dsp_custom.csproj", "{A1B0F42A-B847-499A-B672-89D3D2FD10EC}"
EndProject
Global
	GlobalSection(SolutionConfigurationPlatforms) = preSolution
		Debug|Any CPU = Debug|Any CPU
		Release|Any CPU = Release|Any CPU
	EndGlobalSection
	GlobalSection(ProjectConfigurationPlatforms) = postSolution
		{AC64CED6-42D0-4DE9-8B7A-1BF4DE39B73F}.Debug|Any CPU.ActiveCfg = Debug|Any CPU
		{AC64CED6-42D0-4DE9-8B7A-1BF4DE39B73F}.Debug|Any CPU.Build.0 = Debug|Any CPU
		{AC64CED6-42D0-4DE9-8B7A-1BF4DE39B73F}.Release|Any CPU.ActiveCfg = Release|Any CPU
		{AC64CED6-42D0-4DE9-8B7A-1BF4DE39B73F}.Release|Any CPU.Build.0 = Release|Any CPU
		{5E57D855-0DC8-4813-938B-E096C2678EE2}.Debug|Any CPU.ActiveCfg = Debug|Any CPU
		{5E57D855-0DC8-4813-938B-E096C2678EE2}.Debug|Any CPU.Build.0 = Debug|Any CPU
		{5E57D855-0DC8-4813-938B-E096C2678EE2}.Release|Any CPU.ActiveCfg = Release|Any CPU
		{5E57D855-0DC8-4813-938B-E096C2678EE2}.Release|Any CPU.Build.0 = Release|Any CPU
		{51A2FE09-27E7-4727-96F1-9BC280CE6BDA}.Debug|Any CPU.ActiveCfg = Debug|Any CPU
		{51A2FE09-27E7-4727-96F1-9BC280CE6BDA}.Debug|Any CPU.Build.0 = Debug|Any CPU
		{51A2FE09-27E7-4727-96F1-9BC280CE6BDA}.Release|Any CPU.ActiveCfg = Release|Any CPU
		{51A2FE09-27E7-4727-96F1-9BC280CE6BDA}.Release|Any CPU.Build.0 = Release|Any CPU
		{15154018-F638-4258-AAAC-BA2BE79DAF3E}.Debug|Any CPU.ActiveCfg = Debug|Any CPU
		{15154018-F638-4258-AAAC-BA2BE79DAF3E}.Debug|Any CPU.Build.0 = Debug|Any CPU
		{15154018-F638-4258-AAAC-BA2BE79DAF3E}.Release|Any CPU.ActiveCfg = Release|Any CPU
		{15154018-F638-4258-AAAC-BA2BE79DAF3E}.Release|Any CPU.Build.0 = Release|Any CPU
		{F5436BFD-B9A0-476D-B58B-8EC34D1D379A}.Debug|Any CPU.ActiveCfg = Debug|Any CPU
		{F5436BFD-B9A0-476D-B58B-8EC34D1D379A}.Debug|Any CPU.Build.0 = Debug|Any CPU
		{F5436BFD-B9A0-476D-B58B-8EC34D1D379A}.Release|Any CPU.ActiveCfg = Release|Any CPU
		{F5436BFD-B9A0-476D-B58B-8EC34D1D379A}.Release|Any CPU.Build.0 = Release|Any CPU
		{08B8DCD1-ABA2-4988-A8F7-AB8E5F65C261}.Debug|Any CPU.ActiveCfg = Debug|Any CPU
		{08B8DCD1-ABA2-4988-A8F7-AB8E5F65C261}.Debug|Any CPU.Build.0 = Debug|Any CPU
		{08B8DCD1-ABA2-4988-A8F7-AB8E5F65C261}.Release|Any CPU.ActiveCfg = Release|Any CPU
		{08B8DCD1-ABA2-4988-A8F7-AB8E5F65C261}.Release|Any CPU.Build.0 = Release|Any CPU
		{4458555A-6AB8-44D8-A6E7-1907A2697AFE}.Debug|Any CPU.ActiveCfg = Debug|Any CPU
		{4458555A-6AB8-44D8-A6E7-1907A2697AFE}.Debug|Any CPU.Build.0 = Debug|Any CPU
		{4458555A-6AB8-44D8-A6E7-1907A2697AFE}.Release|Any CPU.ActiveCfg = Release|Any CPU
		{4458555A-6AB8-44D8-A6E7-1907A2697AFE}.Release|Any CPU.Build.0 = Release|Any CPU
		{F25A6888-0525-4C67-AF8C-793D004CDC3C}.Debug|Any CPU.ActiveCfg = Debug|Any CPU
		{F25A6888-0525-4C67-AF8C-793D004CDC3C}.Debug|Any CPU.Build.0 = Debug|Any CPU
		{F25A6888-0525-4C67-AF8C-793D004CDC3C}.Release|Any CPU.ActiveCfg = Release|Any CPU
		{F25A6888-0525-4C67-AF8C-793D004CDC3C}.Release|Any CPU.Build.0 = Release|Any CPU
		{8A3AE05F-EAAA-400F-8C60-E69E52F91D1E}.Debug|Any CPU.ActiveCfg = Debug|Any CPU
		{8A3AE05F-EAAA-400F-8C60-E69E52F91D1E}.Debug|Any CPU.Build.0 = Debug|Any CPU
		{8A3AE05F-EAAA-400F-8C60-E69E52F91D1E}.Release|Any CPU.ActiveCfg = Release|Any CPU
		{8A3AE05F-EAAA-400F-8C60-E69E52F91D1E}.Release|Any CPU.Build.0 = Release|Any CPU
		{A47AC6A2-E797-4D5A-A5D0-FB00C8264FA0}.Debug|Any CPU.ActiveCfg = Debug|Any CPU
		{A47AC6A2-E797-4D5A-A5D0-FB00C8264FA0}.Debug|Any CPU.Build.0 = Debug|Any CPU
		{A47AC6A2-E797-4D5A-A5D0-FB00C8264FA0}.Release|Any CPU.ActiveCfg = Release|Any CPU
		{A47AC6A2-E797-4D5A-A5D0-FB00C8264FA0}.Release|Any CPU.Build.0 = Release|Any CPU
		{73F16B0E-F22E-4FE0-A893-070CAC577E80}.Debug|Any CPU.ActiveCfg = Debug|Any CPU
		{73F16B0E-F22E-4FE0-A893-070CAC577E80}.Debug|Any CPU.Build.0 = Debug|Any CPU
		{73F16B0E-F22E-4FE0-A893-070CAC577E80}.Release|Any CPU.ActiveCfg = Release|Any CPU
		{73F16B0E-F22E-4FE0-A893-070CAC577E80}.Release|Any CPU.Build.0 = Release|Any CPU
		{F8AF9324-22CF-4D0A-AD42-0A9FC09B185B}.Debug|Any CPU.ActiveCfg = Debug|Any CPU
		{F8AF9324-22CF-4D0A-AD42-0A9FC09B185B}.Debug|Any CPU.Build.0 = Debug|Any CPU
		{F8AF9324-22CF-4D0A-AD42-0A9FC09B185B}.Release|Any CPU.ActiveCfg = Release|Any CPU
		{F8AF9324-22CF-4D0A-AD42-0A9FC09B185B}.Release|Any CPU.Build.0 = Release|Any CPU
		{6F1D0483-C7B4-4082-B805-CF8E8171A090}.Debug|Any CPU.ActiveCfg = Debug|Any CPU
		{6F1D0483-C7B4-4082-B805-CF8E8171A090}.Debug|Any CPU.Build.0 = Debug|Any CPU
		{6F1D0483-C7B4-4082-B805-CF8E8171A090}.Release|Any CPU.ActiveCfg = Release|Any CPU
		{6F1D0483-C7B4-4082-B805-CF8E8171A090}.Release|Any CPU.Build.0 = Release|Any CPU
		{0E33B1B6-2A24-4904-B9C8-63317BA91C00}.Debug|Any CPU.ActiveCfg = Debug|Any CPU
		{0E33B1B6-2A24-4904-B9C8-63317BA91C00}.Debug|Any CPU.Build.0 = Debug|Any CPU
		{0E33B1B6-2A24-4904-B9C8-63317BA91C00}.Release|Any CPU.ActiveCfg = Release|Any CPU
		{0E33B1B6-2A24-4904-B9C8-63317BA91C00}.Release|Any CPU.Build.0 = Release|Any CPU
		{DE617412-1FC7-4320-8B05-ECBB7EAD9AED}.Debug|Any CPU.ActiveCfg = Debug|Any CPU
		{DE617412-1FC7-4320-8B05-ECBB7EAD9AED}.Debug|Any CPU.Build.0 = Debug|Any CPU
		{DE617412-1FC7-4320-8B05-ECBB7EAD9AED}.Release|Any CPU.ActiveCfg = Release|Any CPU
		{DE617412-1FC7-4320-8B05-ECBB7EAD9AED}.Release|Any CPU.Build.0 = Release|Any CPU
		{17873381-1FAC-4F57-8446-CB94326A016B}.Debug|Any CPU.ActiveCfg = Debug|Any CPU
		{17873381-1FAC-4F57-8446-CB94326A016B}.Debug|Any CPU.Build.0 = Debug|Any CPU
		{17873381-1FAC-4F57-8446-CB94326A016B}.Release|Any CPU.ActiveCfg = Release|Any CPU
		{17873381-1FAC-4F57-8446-CB94326A016B}.Release|Any CPU.Build.0 = Release|Any CPU
		{B9A86C47-DD28-4F6C-95CB-C3F7476BBB62}.Debug|Any CPU.ActiveCfg = Debug|Any CPU
		{B9A86C47-DD28-4F6C-95CB-C3F7476BBB62}.Debug|Any CPU.Build.0 = Debug|Any CPU
		{B9A86C47-DD28-4F6C-95CB-C3F7476BBB62}.Release|Any CPU.ActiveCfg = Release|Any CPU
		{B9A86C47-DD28-4F6C-95CB-C3F7476BBB62}.Release|Any CPU.Build.0 = Release|Any CPU
		{BD67D61C-F22A-4823-83D8-84E6640694F8}.Debug|Any CPU.ActiveCfg = Debug|Any CPU
		{BD67D61C-F22A-4823-83D8-84E6640694F8}.Debug|Any CPU.Build.0 = Debug|Any CPU
		{BD67D61C-F22A-4823-83D8-84E6640694F8}.Release|Any CPU.ActiveCfg = Release|Any CPU
		{BD67D61C-F22A-4823-83D8-84E6640694F8}.Release|Any CPU.Build.0 = Release|Any CPU
		{650447CC-BDB4-4C94-91F1-6DAAF4AFFFE3}.Debug|Any CPU.ActiveCfg = Debug|Any CPU
		{650447CC-BDB4-4C94-91F1-6DAAF4AFFFE3}.Debug|Any CPU.Build.0 = Debug|Any CPU
		{650447CC-BDB4-4C94-91F1-6DAAF4AFFFE3}.Release|Any CPU.ActiveCfg = Release|Any CPU
		{650447CC-BDB4-4C94-91F1-6DAAF4AFFFE3}.Release|Any CPU.Build.0 = Release|Any CPU
		{04735F68-C8DC-4CCE-AACB-DB1ACC89AD2F}.Debug|Any CPU.ActiveCfg = Debug|Any CPU
		{04735F68-C8DC-4CCE-AACB-DB1ACC89AD2F}.Debug|Any CPU.Build.0 = Debug|Any CPU
		{04735F68-C8DC-4CCE-AACB-DB1ACC89AD2F}.Release|Any CPU.ActiveCfg = Release|Any CPU
		{04735F68-C8DC-4CCE-AACB-DB1ACC89AD2F}.Release|Any CPU.Build.0 = Release|Any CPU
		{412CE531-7D50-40F8-8C27-10AB13006D83}.Debug|Any CPU.ActiveCfg = Debug|Any CPU
		{412CE531-7D50-40F8-8C27-10AB13006D83}.Debug|Any CPU.Build.0 = Debug|Any CPU
		{412CE531-7D50-40F8-8C27-10AB13006D83}.Release|Any CPU.ActiveCfg = Release|Any CPU
		{412CE531-7D50-40F8-8C27-10AB13006D83}.Release|Any CPU.Build.0 = Release|Any CPU
		{BB9419F6-22DB-4432-8469-99515B641AC8}.Debug|Any CPU.ActiveCfg = Debug|Any CPU
		{BB9419F6-22DB-4432-8469-99515B641AC8}.Debug|Any CPU.Build.0 = Debug|Any CPU
		{BB9419F6-22DB-4432-8469-99515B641AC8}.Release|Any CPU.ActiveCfg = Release|Any CPU
		{BB9419F6-22DB-4432-8469-99515B641AC8}.Release|Any CPU.Build.0 = Release|Any CPU
		{AE5E6C15-AC3C-436A-903D-9016DCB7013A}.Debug|Any CPU.ActiveCfg = Debug|Any CPU
		{AE5E6C15-AC3C-436A-903D-9016DCB7013A}.Debug|Any CPU.Build.0 = Debug|Any CPU
		{AE5E6C15-AC3C-436A-903D-9016DCB7013A}.Release|Any CPU.ActiveCfg = Release|Any CPU
		{AE5E6C15-AC3C-436A-903D-9016DCB7013A}.Release|Any CPU.Build.0 = Release|Any CPU
		{C779B52B-ABA0-43D6-954F-BD999F31EF12}.Debug|Any CPU.ActiveCfg = Debug|Any CPU
		{C779B52B-ABA0-43D6-954F-BD999F31EF12}.Debug|Any CPU.Build.0 = Debug|Any CPU
		{C779B52B-ABA0-43D6-954F-BD999F31EF12}.Release|Any CPU.ActiveCfg = Release|Any CPU
		{C779B52B-ABA0-43D6-954F-BD999F31EF12}.Release|Any CPU.Build.0 = Release|Any CPU
		{54CCF41A-4C66-486B-B726-0213DB94570C}.Debug|Any CPU.ActiveCfg = Debug|Any CPU
		{54CCF41A-4C66-486B-B726-0213DB94570C}.Debug|Any CPU.Build.0 = Debug|Any CPU
		{54CCF41A-4C66-486B-B726-0213DB94570C}.Release|Any CPU.ActiveCfg = Release|Any CPU
		{54CCF41A-4C66-486B-B726-0213DB94570C}.Release|Any CPU.Build.0 = Release|Any CPU
		{A1B0F42A-B847-499A-B672-89D3D2FD10EC}.Debug|Any CPU.ActiveCfg = Debug|Any CPU
		{A1B0F42A-B847-499A-B672-89D3D2FD10EC}.Debug|Any CPU.Build.0 = Debug|Any CPU
		{A1B0F42A-B847-499A-B672-89D3D2FD10EC}.Release|Any CPU.ActiveCfg = Release|Any CPU
		{A1B0F42A-B847-499A-B672-89D3D2FD10EC}.Release|Any CPU.Build.0 = Release|Any CPU
	EndGlobalSection
	GlobalSection(SolutionProperties) = preSolution
		HideSolutionNode = FALSE
	EndGlobalSection
EndGlobal
