Microsoft Visual Studio Solution File, Format Version 8.00
Project("{FAE04EC0-301F-11D3-BF4B-00C04F79EFBC}") = "simple_event", "simple_event\simple_event.csproj", "{ABD66731-9467-4C14-BAC2-D497412EAAC7}"
	ProjectSection(ProjectDependencies) = postProject
	EndProjectSection
EndProject
Project("{FAE04EC0-301F-11D3-BF4B-00C04F79EFBC}") = "programmer_sound", "programmer_sound\programmer_sound.csproj", "{1AD64262-AC74-4BAF-B8A1-1A34ED49415E}"
	ProjectSection(ProjectDependencies) = postProject
	EndProjectSection
EndProject
Global
	GlobalSection(SolutionConfiguration) = preSolution
		Debug = Debug
		Release = Release
	EndGlobalSection
	GlobalSection(ProjectConfiguration) = postSolution
		{ABD66731-9467-4C14-BAC2-D497412EAAC7}.Debug.ActiveCfg = Debug|.NET
		{ABD66731-9467-4C14-BAC2-D497412EAAC7}.Debug.Build.0 = Debug|.NET
		{ABD66731-9467-4C14-BAC2-D497412EAAC7}.Release.ActiveCfg = Release|.NET
		{ABD66731-9467-4C14-BAC2-D497412EAAC7}.Release.Build.0 = Release|.NET
		{1AD64262-AC74-4BAF-B8A1-1A34ED49415E}.Debug.ActiveCfg = Debug|.NET
		{1AD64262-AC74-4BAF-B8A1-1A34ED49415E}.Debug.Build.0 = Debug|.NET
		{1AD64262-AC74-4BAF-B8A1-1A34ED49415E}.Release.ActiveCfg = Release|.NET
		{1AD64262-AC74-4BAF-B8A1-1A34ED49415E}.Release.Build.0 = Release|.NET
	EndGlobalSection
	GlobalSection(ExtensibilityGlobals) = postSolution
	EndGlobalSection
	GlobalSection(ExtensibilityAddIns) = postSolution
	EndGlobalSection
EndGlobal
