
Microsoft Visual Studio Solution File, Format Version 9.00
# Visual Studio 2005
Project("{8BC9CEB8-8B4A-11D0-8D11-00A0C91BC942}") = "simple_event", "simple_event\simple_event.vcproj", "{98E3B8DD-9264-4BA5-9493-2ABB167173F5}"
EndProject
Project("{8BC9CEB8-8B4A-11D0-8D11-00A0C91BC942}") = "programmer_sound", "programmer_sound\programmer_sound.vcproj", "{28B489A5-ABF1-4154-B488-568610D965E6}"
EndProject
Project("{8BC9CEB8-8B4A-11D0-8D11-00A0C91BC942}") = "realtime_tweaking", "realtime_tweaking\realtime_tweaking.vcproj", "{465B653C-8EA2-428A-8072-ED5047955669}"
EndProject
Project("{8BC9CEB8-8B4A-11D0-8D11-00A0C91BC942}") = "3ddemo", "3ddemo\3ddemo.vcproj", "{BF82A8D8-F76A-4711-97A7-43D35B0CF7DA}"
EndProject
Project("{8BC9CEB8-8B4A-11D0-8D11-00A0C91BC942}") = "max_playbacks", "max_playbacks\max_playbacks.vcproj", "{3108518A-18A3-40FD-A503-B5BFF33755F5}"
EndProject
Project("{8BC9CEB8-8B4A-11D0-8D11-00A0C91BC942}") = "programmer_selected", "programmer_selected\programmer_selected.vcproj", "{323DFC41-0209-40AE-9123-60551C4139B4}"
EndProject
Project("{8BC9CEB8-8B4A-11D0-8D11-00A0C91BC942}") = "parameters", "parameters\parameters.vcproj", "{6D5BF853-DC5E-43CA-9140-07BF4D4ECBF0}"
EndProject
Project("{8BC9CEB8-8B4A-11D0-8D11-00A0C91BC942}") = "effects", "effects\effects.vcproj", "{215CFC1E-CBE0-4911-BF4C-8F609EA47F37}"
EndProject
Project("{8BC9CEB8-8B4A-11D0-8D11-00A0C91BC942}") = "load_data", "load_data\load_data.vcproj", "{8E339346-E65D-475C-9ACE-2760D22D8415}"
EndProject
Project("{8BC9CEB8-8B4A-11D0-8D11-00A0C91BC942}") = "info_only", "info_only\info_only.vcproj", "{7FADF1BF-3C49-4493-8200-E67890584142}"
EndProject
Project("{8BC9CEB8-8B4A-11D0-8D11-00A0C91BC942}") = "musicsystem", "musicsystem\musicsystem.vcproj", "{1727A402-0432-40BB-B157-E41A77FEEFDB}"
EndProject
Global
	GlobalSection(SolutionConfigurationPlatforms) = preSolution
		Debug C|Win32 = Debug C|Win32
		Debug|Win32 = Debug|Win32
		Release C|Win32 = Release C|Win32
		Release|Win32 = Release|Win32
	EndGlobalSection
	GlobalSection(ProjectConfigurationPlatforms) = postSolution
		{98E3B8DD-9264-4BA5-9493-2ABB167173F5}.Debug C|Win32.ActiveCfg = Debug C|Win32
		{98E3B8DD-9264-4BA5-9493-2ABB167173F5}.Debug C|Win32.Build.0 = Debug C|Win32
		{98E3B8DD-9264-4BA5-9493-2ABB167173F5}.Debug|Win32.ActiveCfg = Debug|Win32
		{98E3B8DD-9264-4BA5-9493-2ABB167173F5}.Debug|Win32.Build.0 = Debug|Win32
		{98E3B8DD-9264-4BA5-9493-2ABB167173F5}.Release C|Win32.ActiveCfg = Release C|Win32
		{98E3B8DD-9264-4BA5-9493-2ABB167173F5}.Release C|Win32.Build.0 = Release C|Win32
		{98E3B8DD-9264-4BA5-9493-2ABB167173F5}.Release|Win32.ActiveCfg = Release|Win32
		{98E3B8DD-9264-4BA5-9493-2ABB167173F5}.Release|Win32.Build.0 = Release|Win32
		{28B489A5-ABF1-4154-B488-568610D965E6}.Debug C|Win32.ActiveCfg = Debug C|Win32
		{28B489A5-ABF1-4154-B488-568610D965E6}.Debug C|Win32.Build.0 = Debug C|Win32
		{28B489A5-ABF1-4154-B488-568610D965E6}.Debug|Win32.ActiveCfg = Debug|Win32
		{28B489A5-ABF1-4154-B488-568610D965E6}.Debug|Win32.Build.0 = Debug|Win32
		{28B489A5-ABF1-4154-B488-568610D965E6}.Release C|Win32.ActiveCfg = Release C|Win32
		{28B489A5-ABF1-4154-B488-568610D965E6}.Release C|Win32.Build.0 = Release C|Win32
		{28B489A5-ABF1-4154-B488-568610D965E6}.Release|Win32.ActiveCfg = Release|Win32
		{28B489A5-ABF1-4154-B488-568610D965E6}.Release|Win32.Build.0 = Release|Win32
		{465B653C-8EA2-428A-8072-ED5047955669}.Debug C|Win32.ActiveCfg = Debug C|Win32
		{465B653C-8EA2-428A-8072-ED5047955669}.Debug C|Win32.Build.0 = Debug C|Win32
		{465B653C-8EA2-428A-8072-ED5047955669}.Debug|Win32.ActiveCfg = Debug|Win32
		{465B653C-8EA2-428A-8072-ED5047955669}.Debug|Win32.Build.0 = Debug|Win32
		{465B653C-8EA2-428A-8072-ED5047955669}.Release C|Win32.ActiveCfg = Release C|Win32
		{465B653C-8EA2-428A-8072-ED5047955669}.Release C|Win32.Build.0 = Release C|Win32
		{465B653C-8EA2-428A-8072-ED5047955669}.Release|Win32.ActiveCfg = Release|Win32
		{465B653C-8EA2-428A-8072-ED5047955669}.Release|Win32.Build.0 = Release|Win32
		{BF82A8D8-F76A-4711-97A7-43D35B0CF7DA}.Debug C|Win32.ActiveCfg = Debug C|Win32
		{BF82A8D8-F76A-4711-97A7-43D35B0CF7DA}.Debug C|Win32.Build.0 = Debug C|Win32
		{BF82A8D8-F76A-4711-97A7-43D35B0CF7DA}.Debug|Win32.ActiveCfg = Debug|Win32
		{BF82A8D8-F76A-4711-97A7-43D35B0CF7DA}.Debug|Win32.Build.0 = Debug|Win32
		{BF82A8D8-F76A-4711-97A7-43D35B0CF7DA}.Release C|Win32.ActiveCfg = Release C|Win32
		{BF82A8D8-F76A-4711-97A7-43D35B0CF7DA}.Release C|Win32.Build.0 = Release C|Win32
		{BF82A8D8-F76A-4711-97A7-43D35B0CF7DA}.Release|Win32.ActiveCfg = Release|Win32
		{BF82A8D8-F76A-4711-97A7-43D35B0CF7DA}.Release|Win32.Build.0 = Release|Win32
		{3108518A-18A3-40FD-A503-B5BFF33755F5}.Debug C|Win32.ActiveCfg = Debug C|Win32
		{3108518A-18A3-40FD-A503-B5BFF33755F5}.Debug C|Win32.Build.0 = Debug C|Win32
		{3108518A-18A3-40FD-A503-B5BFF33755F5}.Debug|Win32.ActiveCfg = Debug|Win32
		{3108518A-18A3-40FD-A503-B5BFF33755F5}.Debug|Win32.Build.0 = Debug|Win32
		{3108518A-18A3-40FD-A503-B5BFF33755F5}.Release C|Win32.ActiveCfg = Release C|Win32
		{3108518A-18A3-40FD-A503-B5BFF33755F5}.Release C|Win32.Build.0 = Release C|Win32
		{3108518A-18A3-40FD-A503-B5BFF33755F5}.Release|Win32.ActiveCfg = Release|Win32
		{3108518A-18A3-40FD-A503-B5BFF33755F5}.Release|Win32.Build.0 = Release|Win32
		{323DFC41-0209-40AE-9123-60551C4139B4}.Debug C|Win32.ActiveCfg = Debug C|Win32
		{323DFC41-0209-40AE-9123-60551C4139B4}.Debug C|Win32.Build.0 = Debug C|Win32
		{323DFC41-0209-40AE-9123-60551C4139B4}.Debug|Win32.ActiveCfg = Debug|Win32
		{323DFC41-0209-40AE-9123-60551C4139B4}.Debug|Win32.Build.0 = Debug|Win32
		{323DFC41-0209-40AE-9123-60551C4139B4}.Release C|Win32.ActiveCfg = Release C|Win32
		{323DFC41-0209-40AE-9123-60551C4139B4}.Release C|Win32.Build.0 = Release C|Win32
		{323DFC41-0209-40AE-9123-60551C4139B4}.Release|Win32.ActiveCfg = Release|Win32
		{323DFC41-0209-40AE-9123-60551C4139B4}.Release|Win32.Build.0 = Release|Win32
		{6D5BF853-DC5E-43CA-9140-07BF4D4ECBF0}.Debug C|Win32.ActiveCfg = Debug C|Win32
		{6D5BF853-DC5E-43CA-9140-07BF4D4ECBF0}.Debug C|Win32.Build.0 = Debug C|Win32
		{6D5BF853-DC5E-43CA-9140-07BF4D4ECBF0}.Debug|Win32.ActiveCfg = Debug|Win32
		{6D5BF853-DC5E-43CA-9140-07BF4D4ECBF0}.Debug|Win32.Build.0 = Debug|Win32
		{6D5BF853-DC5E-43CA-9140-07BF4D4ECBF0}.Release C|Win32.ActiveCfg = Release C|Win32
		{6D5BF853-DC5E-43CA-9140-07BF4D4ECBF0}.Release C|Win32.Build.0 = Release C|Win32
		{6D5BF853-DC5E-43CA-9140-07BF4D4ECBF0}.Release|Win32.ActiveCfg = Release|Win32
		{6D5BF853-DC5E-43CA-9140-07BF4D4ECBF0}.Release|Win32.Build.0 = Release|Win32
		{215CFC1E-CBE0-4911-BF4C-8F609EA47F37}.Debug C|Win32.ActiveCfg = Debug C|Win32
		{215CFC1E-CBE0-4911-BF4C-8F609EA47F37}.Debug C|Win32.Build.0 = Debug C|Win32
		{215CFC1E-CBE0-4911-BF4C-8F609EA47F37}.Debug|Win32.ActiveCfg = Debug|Win32
		{215CFC1E-CBE0-4911-BF4C-8F609EA47F37}.Debug|Win32.Build.0 = Debug|Win32
		{215CFC1E-CBE0-4911-BF4C-8F609EA47F37}.Release C|Win32.ActiveCfg = Release C|Win32
		{215CFC1E-CBE0-4911-BF4C-8F609EA47F37}.Release C|Win32.Build.0 = Release C|Win32
		{215CFC1E-CBE0-4911-BF4C-8F609EA47F37}.Release|Win32.ActiveCfg = Release|Win32
		{215CFC1E-CBE0-4911-BF4C-8F609EA47F37}.Release|Win32.Build.0 = Release|Win32
		{8E339346-E65D-475C-9ACE-2760D22D8415}.Debug C|Win32.ActiveCfg = Debug C|Win32
		{8E339346-E65D-475C-9ACE-2760D22D8415}.Debug C|Win32.Build.0 = Debug C|Win32
		{8E339346-E65D-475C-9ACE-2760D22D8415}.Debug|Win32.ActiveCfg = Debug|Win32
		{8E339346-E65D-475C-9ACE-2760D22D8415}.Debug|Win32.Build.0 = Debug|Win32
		{8E339346-E65D-475C-9ACE-2760D22D8415}.Release C|Win32.ActiveCfg = Release C|Win32
		{8E339346-E65D-475C-9ACE-2760D22D8415}.Release C|Win32.Build.0 = Release C|Win32
		{8E339346-E65D-475C-9ACE-2760D22D8415}.Release|Win32.ActiveCfg = Release|Win32
		{8E339346-E65D-475C-9ACE-2760D22D8415}.Release|Win32.Build.0 = Release|Win32
		{7FADF1BF-3C49-4493-8200-E67890584142}.Debug C|Win32.ActiveCfg = Debug C|Win32
		{7FADF1BF-3C49-4493-8200-E67890584142}.Debug C|Win32.Build.0 = Debug C|Win32
		{7FADF1BF-3C49-4493-8200-E67890584142}.Debug|Win32.ActiveCfg = Debug|Win32
		{7FADF1BF-3C49-4493-8200-E67890584142}.Debug|Win32.Build.0 = Debug|Win32
		{7FADF1BF-3C49-4493-8200-E67890584142}.Release C|Win32.ActiveCfg = Release C|Win32
		{7FADF1BF-3C49-4493-8200-E67890584142}.Release C|Win32.Build.0 = Release C|Win32
		{7FADF1BF-3C49-4493-8200-E67890584142}.Release|Win32.ActiveCfg = Release|Win32
		{7FADF1BF-3C49-4493-8200-E67890584142}.Release|Win32.Build.0 = Release|Win32
		{1727A402-0432-40BB-B157-E41A77FEEFDB}.Debug C|Win32.ActiveCfg = Debug C|Win32
		{1727A402-0432-40BB-B157-E41A77FEEFDB}.Debug C|Win32.Build.0 = Debug C|Win32
		{1727A402-0432-40BB-B157-E41A77FEEFDB}.Debug|Win32.ActiveCfg = Debug|Win32
		{1727A402-0432-40BB-B157-E41A77FEEFDB}.Debug|Win32.Build.0 = Debug|Win32
		{1727A402-0432-40BB-B157-E41A77FEEFDB}.Release C|Win32.ActiveCfg = Release C|Win32
		{1727A402-0432-40BB-B157-E41A77FEEFDB}.Release C|Win32.Build.0 = Release C|Win32
		{1727A402-0432-40BB-B157-E41A77FEEFDB}.Release|Win32.ActiveCfg = Release|Win32
		{1727A402-0432-40BB-B157-E41A77FEEFDB}.Release|Win32.Build.0 = Release|Win32
	EndGlobalSection
	GlobalSection(SolutionProperties) = preSolution
		HideSolutionNode = FALSE
	EndGlobalSection
EndGlobal
